PODS:
  - MJExtension (3.0.13)
  - XMNetworking (1.0.0):
    - XMNetworking/Core (= 1.0.0)
    - XMNetworking/Lib (= 1.0.0)
  - XMNetworking/Core (1.0.0):
    - XMNetworking/Lib/AFNetworking-3.1.0
  - XMNetworking/Lib (1.0.0):
    - XMNetworking/Lib/AFNetworking-3.1.0 (= 1.0.0)
  - XMNetworking/Lib/AFNetworking-3.1.0 (1.0.0)
  - XXNibBridge (2.3.1)

DEPENDENCIES:
  - MJExtension (~> 3.0.13)
  - XMNetworking
  - XXNibBridge (~> 2.3.1)

SPEC CHECKSUMS:
  MJExtension: 5932755f451458eefa24239358817f8d291240c7
  XMNetworking: 997cdb61f537362a2bb7bb4e7e0a36bff03bdad1
  XXNibBridge: addb780e6db076eb2c61716aa60b176a6799b80f

PODFILE CHECKSUM: ff4027396d24cb633c30eabcb297aa5513af0d99

COCOAPODS: 1.2.0.beta.1
