// !$*UTF8*$!
{
	archiveVersion = 1;
	classes = {
	};
	objectVersion = 46;
	objects = {

/* Begin PBXBuildFile section */
		4E6B178EFCA74F6336CDCEBD /* libPods-SuperPoweredAudioMusicPlay.a in Frameworks */ = {isa = PBXBuildFile; fileRef = B3CCC1E6C9DA8D2915476719 /* libPods-SuperPoweredAudioMusicPlay.a */; };
		9E1109D71E1A4B6B00D52F25 /* 王菲传奇.mp3 in Resources */ = {isa = PBXBuildFile; fileRef = 9E1109D61E1A4B6B00D52F25 /* 王菲传奇.mp3 */; };
		9E733E581E0D1C1E00783B06 /* libSuperpoweredAudioIOS.a in Frameworks */ = {isa = PBXBuildFile; fileRef = 9E733E4B1E0D1C1E00783B06 /* libSuperpoweredAudioIOS.a */; };
		9E733E591E0D1C1E00783B06 /* SuperpoweredIOSAudioIO.mm in Sources */ = {isa = PBXBuildFile; fileRef = 9E733E541E0D1C1E00783B06 /* SuperpoweredIOSAudioIO.mm */; };
		9E733E5E1E0D43C100783B06 /* CoreMedia.framework in Frameworks */ = {isa = PBXBuildFile; fileRef = 9E733E5D1E0D43C100783B06 /* CoreMedia.framework */; };
		9E733E601E0D43CF00783B06 /* AudioToolbox.framework in Frameworks */ = {isa = PBXBuildFile; fileRef = 9E733E5F1E0D43CF00783B06 /* AudioToolbox.framework */; };
		9E733E621E0D43D900783B06 /* Accelerate.framework in Frameworks */ = {isa = PBXBuildFile; fileRef = 9E733E611E0D43D900783B06 /* Accelerate.framework */; };
		9E733E641E0D43E100783B06 /* AVFoundation.framework in Frameworks */ = {isa = PBXBuildFile; fileRef = 9E733E631E0D43E100783B06 /* AVFoundation.framework */; };
		9E733E661E0D43ED00783B06 /* CoreGraphics.framework in Frameworks */ = {isa = PBXBuildFile; fileRef = 9E733E651E0D43ED00783B06 /* CoreGraphics.framework */; };
		9E733E681E0D43FA00783B06 /* Foundation.framework in Frameworks */ = {isa = PBXBuildFile; fileRef = 9E733E671E0D43FA00783B06 /* Foundation.framework */; };
		9E733E6A1E0D440400783B06 /* MediaPlayer.framework in Frameworks */ = {isa = PBXBuildFile; fileRef = 9E733E691E0D440400783B06 /* MediaPlayer.framework */; };
		9E733E6C1E0D440D00783B06 /* QuartzCore.framework in Frameworks */ = {isa = PBXBuildFile; fileRef = 9E733E6B1E0D440D00783B06 /* QuartzCore.framework */; };
		9E733E6E1E0D441600783B06 /* UIKit.framework in Frameworks */ = {isa = PBXBuildFile; fileRef = 9E733E6D1E0D441600783B06 /* UIKit.framework */; };
		9E8B07A91E3103B3002BF095 /* STMusicCenterManager.m in Sources */ = {isa = PBXBuildFile; fileRef = 9E8B07A81E3103B3002BF095 /* STMusicCenterManager.m */; };
		9E8B07AF1E310432002BF095 /* STMusicModel.m in Sources */ = {isa = PBXBuildFile; fileRef = 9E8B07AE1E310432002BF095 /* STMusicModel.m */; };
		9E8B07B31E310CF2002BF095 /* STMusicDataCenterManager.m in Sources */ = {isa = PBXBuildFile; fileRef = 9E8B07B21E310CF2002BF095 /* STMusicDataCenterManager.m */; };
		9E8B07B71E310D76002BF095 /* STMusicLrcModel.m in Sources */ = {isa = PBXBuildFile; fileRef = 9E8B07B61E310D76002BF095 /* STMusicLrcModel.m */; };
		9E8B07BB1E311062002BF095 /* STLrcLab.m in Sources */ = {isa = PBXBuildFile; fileRef = 9E8B07BA1E311062002BF095 /* STLrcLab.m */; };
		9E8B07C01E3110C0002BF095 /* STDoubleLRCLabShowView.m in Sources */ = {isa = PBXBuildFile; fileRef = 9E8B07BE1E3110C0002BF095 /* STDoubleLRCLabShowView.m */; };
		9E8B07C11E3110C0002BF095 /* STDoubleLRCLabShowView.xib in Resources */ = {isa = PBXBuildFile; fileRef = 9E8B07BF1E3110C0002BF095 /* STDoubleLRCLabShowView.xib */; };
		9E8B07D01E311289002BF095 /* STMusicBaseViewC.m in Sources */ = {isa = PBXBuildFile; fileRef = 9E8B07CE1E311289002BF095 /* STMusicBaseViewC.m */; };
		9E8B07D11E311289002BF095 /* STMusicBaseViewC.xib in Resources */ = {isa = PBXBuildFile; fileRef = 9E8B07CF1E311289002BF095 /* STMusicBaseViewC.xib */; };
		9E8B07D51E3112BE002BF095 /* STCMusicViewC.m in Sources */ = {isa = PBXBuildFile; fileRef = 9E8B07D31E3112BE002BF095 /* STCMusicViewC.m */; };
		9E8B07D61E3112BE002BF095 /* STCMusicViewC.xib in Resources */ = {isa = PBXBuildFile; fileRef = 9E8B07D41E3112BE002BF095 /* STCMusicViewC.xib */; };
		9E8B07DA1E3112D0002BF095 /* STYunMusicViewC.m in Sources */ = {isa = PBXBuildFile; fileRef = 9E8B07D81E3112D0002BF095 /* STYunMusicViewC.m */; };
		9E8B07DB1E3112D0002BF095 /* STYunMusicViewC.xib in Resources */ = {isa = PBXBuildFile; fileRef = 9E8B07D91E3112D0002BF095 /* STYunMusicViewC.xib */; };
		9E8B07DF1E3113F5002BF095 /* STMusicLogicBaseViewC.m in Sources */ = {isa = PBXBuildFile; fileRef = 9E8B07DD1E3113F5002BF095 /* STMusicLogicBaseViewC.m */; };
		9E8B07E01E3113F5002BF095 /* STMusicLogicBaseViewC.xib in Resources */ = {isa = PBXBuildFile; fileRef = 9E8B07DE1E3113F5002BF095 /* STMusicLogicBaseViewC.xib */; };
		9E8B07E41E31141C002BF095 /* STMusicLogicViewC.m in Sources */ = {isa = PBXBuildFile; fileRef = 9E8B07E21E31141C002BF095 /* STMusicLogicViewC.m */; };
		9E8B07E51E31141C002BF095 /* STMusicLogicViewC.xib in Resources */ = {isa = PBXBuildFile; fileRef = 9E8B07E31E31141C002BF095 /* STMusicLogicViewC.xib */; };
		9E8B07E91E311445002BF095 /* STMusicUIBaseViewC.m in Sources */ = {isa = PBXBuildFile; fileRef = 9E8B07E71E311445002BF095 /* STMusicUIBaseViewC.m */; };
		9E8B07EA1E311445002BF095 /* STMusicUIBaseViewC.xib in Resources */ = {isa = PBXBuildFile; fileRef = 9E8B07E81E311445002BF095 /* STMusicUIBaseViewC.xib */; };
		9E8B07F31E3114A4002BF095 /* STCMusicUIViewC.m in Sources */ = {isa = PBXBuildFile; fileRef = 9E8B07F11E3114A4002BF095 /* STCMusicUIViewC.m */; };
		9E8B07F41E3114A4002BF095 /* STCMusicUIViewC.xib in Resources */ = {isa = PBXBuildFile; fileRef = 9E8B07F21E3114A4002BF095 /* STCMusicUIViewC.xib */; };
		9E8B07F81E3114B8002BF095 /* STYunMusicUIViewC.m in Sources */ = {isa = PBXBuildFile; fileRef = 9E8B07F61E3114B8002BF095 /* STYunMusicUIViewC.m */; };
		9E8B07F91E3114B8002BF095 /* STYunMusicUIViewC.xib in Resources */ = {isa = PBXBuildFile; fileRef = 9E8B07F71E3114B8002BF095 /* STYunMusicUIViewC.xib */; };
		9E8B07FD1E3115F9002BF095 /* STMusicSEBaseUIViewC.m in Sources */ = {isa = PBXBuildFile; fileRef = 9E8B07FB1E3115F9002BF095 /* STMusicSEBaseUIViewC.m */; };
		9E8B07FE1E3115F9002BF095 /* STMusicSEBaseUIViewC.xib in Resources */ = {isa = PBXBuildFile; fileRef = 9E8B07FC1E3115F9002BF095 /* STMusicSEBaseUIViewC.xib */; };
		9E8B08021E31168D002BF095 /* STYunMusicSEUIViewC.m in Sources */ = {isa = PBXBuildFile; fileRef = 9E8B08001E31168D002BF095 /* STYunMusicSEUIViewC.m */; };
		9E8B08031E31168D002BF095 /* STYunMusicSEUIViewC.xib in Resources */ = {isa = PBXBuildFile; fileRef = 9E8B08011E31168D002BF095 /* STYunMusicSEUIViewC.xib */; };
		9E8B08071E3116C2002BF095 /* STCMusicSEUIViewC.m in Sources */ = {isa = PBXBuildFile; fileRef = 9E8B08051E3116C2002BF095 /* STCMusicSEUIViewC.m */; };
		9E8B08081E3116C2002BF095 /* STCMusicSEUIViewC.xib in Resources */ = {isa = PBXBuildFile; fileRef = 9E8B08061E3116C2002BF095 /* STCMusicSEUIViewC.xib */; };
		9E8B080C1E31180E002BF095 /* STMusicSELogicBaseViewC.m in Sources */ = {isa = PBXBuildFile; fileRef = 9E8B080A1E31180E002BF095 /* STMusicSELogicBaseViewC.m */; };
		9E8B080D1E31180E002BF095 /* STMusicSELogicBaseViewC.xib in Resources */ = {isa = PBXBuildFile; fileRef = 9E8B080B1E31180E002BF095 /* STMusicSELogicBaseViewC.xib */; };
		9E8B08121E311847002BF095 /* STMusicSELogicViewC.m in Sources */ = {isa = PBXBuildFile; fileRef = 9E8B08101E311847002BF095 /* STMusicSELogicViewC.m */; };
		9E8B08131E311847002BF095 /* STMusicSELogicViewC.xib in Resources */ = {isa = PBXBuildFile; fileRef = 9E8B08111E311847002BF095 /* STMusicSELogicViewC.xib */; };
		9E8B08171E3118B4002BF095 /* STMusicSEBaseViewC.m in Sources */ = {isa = PBXBuildFile; fileRef = 9E8B08151E3118B4002BF095 /* STMusicSEBaseViewC.m */; };
		9E8B08181E3118B4002BF095 /* STMusicSEBaseViewC.xib in Resources */ = {isa = PBXBuildFile; fileRef = 9E8B08161E3118B4002BF095 /* STMusicSEBaseViewC.xib */; };
		9E8B081C1E3118DB002BF095 /* STCMusicSEViewC.m in Sources */ = {isa = PBXBuildFile; fileRef = 9E8B081A1E3118DB002BF095 /* STCMusicSEViewC.m */; };
		9E8B081D1E3118DB002BF095 /* STCMusicSEViewC.xib in Resources */ = {isa = PBXBuildFile; fileRef = 9E8B081B1E3118DB002BF095 /* STCMusicSEViewC.xib */; };
		9E8B08211E3118EA002BF095 /* STYunMusicSEViewC.m in Sources */ = {isa = PBXBuildFile; fileRef = 9E8B081F1E3118EA002BF095 /* STYunMusicSEViewC.m */; };
		9E8B08221E3118EA002BF095 /* STYunMusicSEViewC.xib in Resources */ = {isa = PBXBuildFile; fileRef = 9E8B08201E3118EA002BF095 /* STYunMusicSEViewC.xib */; };
		9E8B08261E311ABD002BF095 /* STMusicSESliderView.m in Sources */ = {isa = PBXBuildFile; fileRef = 9E8B08251E311ABD002BF095 /* STMusicSESliderView.m */; };
		9E8B08281E311AD1002BF095 /* STMusicSESliderView.xib in Resources */ = {isa = PBXBuildFile; fileRef = 9E8B08271E311AD1002BF095 /* STMusicSESliderView.xib */; };
		9E8B082C1E311AF5002BF095 /* STMusicSEPitchView.m in Sources */ = {isa = PBXBuildFile; fileRef = 9E8B082B1E311AF5002BF095 /* STMusicSEPitchView.m */; };
		9E8B082E1E311AFE002BF095 /* STMusicSEPitchView.xib in Resources */ = {isa = PBXBuildFile; fileRef = 9E8B082D1E311AFE002BF095 /* STMusicSEPitchView.xib */; };
		9E8B08321E311B36002BF095 /* STMusicSEEffectTypeView.m in Sources */ = {isa = PBXBuildFile; fileRef = 9E8B08311E311B36002BF095 /* STMusicSEEffectTypeView.m */; };
		9E8B08341E311B40002BF095 /* STMusicSEEffectTypeView.xib in Resources */ = {isa = PBXBuildFile; fileRef = 9E8B08331E311B40002BF095 /* STMusicSEEffectTypeView.xib */; };
		9E8B08381E311B5D002BF095 /* STMusicSENavView.m in Sources */ = {isa = PBXBuildFile; fileRef = 9E8B08371E311B5D002BF095 /* STMusicSENavView.m */; };
		9E8B083A1E311B6C002BF095 /* STMusicSENavView.xib in Resources */ = {isa = PBXBuildFile; fileRef = 9E8B08391E311B6C002BF095 /* STMusicSENavView.xib */; };
		9EBF201A1E0D12A500C5A0B3 /* main.m in Sources */ = {isa = PBXBuildFile; fileRef = 9EBF20191E0D12A500C5A0B3 /* main.m */; };
		9EBF201D1E0D12A500C5A0B3 /* AppDelegate.m in Sources */ = {isa = PBXBuildFile; fileRef = 9EBF201C1E0D12A500C5A0B3 /* AppDelegate.m */; };
		9EBF20201E0D12A500C5A0B3 /* ViewController.m in Sources */ = {isa = PBXBuildFile; fileRef = 9EBF201F1E0D12A500C5A0B3 /* ViewController.m */; };
		9EBF20231E0D12A500C5A0B3 /* Main.storyboard in Resources */ = {isa = PBXBuildFile; fileRef = 9EBF20211E0D12A500C5A0B3 /* Main.storyboard */; };
		9EBF20251E0D12A500C5A0B3 /* Assets.xcassets in Resources */ = {isa = PBXBuildFile; fileRef = 9EBF20241E0D12A500C5A0B3 /* Assets.xcassets */; };
		9EBF20281E0D12A500C5A0B3 /* LaunchScreen.storyboard in Resources */ = {isa = PBXBuildFile; fileRef = 9EBF20261E0D12A500C5A0B3 /* LaunchScreen.storyboard */; };
		9EBF20331E0D12A500C5A0B3 /* SuperPoweredAudioMusicPlayTests.m in Sources */ = {isa = PBXBuildFile; fileRef = 9EBF20321E0D12A500C5A0B3 /* SuperPoweredAudioMusicPlayTests.m */; };
		9EBF203E1E0D12A500C5A0B3 /* SuperPoweredAudioMusicPlayUITests.m in Sources */ = {isa = PBXBuildFile; fileRef = 9EBF203D1E0D12A500C5A0B3 /* SuperPoweredAudioMusicPlayUITests.m */; };
/* End PBXBuildFile section */

/* Begin PBXContainerItemProxy section */
		9EBF202F1E0D12A500C5A0B3 /* PBXContainerItemProxy */ = {
			isa = PBXContainerItemProxy;
			containerPortal = 9EBF200D1E0D12A500C5A0B3 /* Project object */;
			proxyType = 1;
			remoteGlobalIDString = 9EBF20141E0D12A500C5A0B3;
			remoteInfo = SuperPoweredAudioMusicPlay;
		};
		9EBF203A1E0D12A500C5A0B3 /* PBXContainerItemProxy */ = {
			isa = PBXContainerItemProxy;
			containerPortal = 9EBF200D1E0D12A500C5A0B3 /* Project object */;
			proxyType = 1;
			remoteGlobalIDString = 9EBF20141E0D12A500C5A0B3;
			remoteInfo = SuperPoweredAudioMusicPlay;
		};
/* End PBXContainerItemProxy section */

/* Begin PBXFileReference section */
		9E1109D61E1A4B6B00D52F25 /* 王菲传奇.mp3 */ = {isa = PBXFileReference; lastKnownFileType = audio.mp3; name = "王菲传奇.mp3"; path = "../王菲传奇.mp3"; sourceTree = "<group>"; };
		9E733E4B1E0D1C1E00783B06 /* libSuperpoweredAudioIOS.a */ = {isa = PBXFileReference; lastKnownFileType = archive.ar; path = libSuperpoweredAudioIOS.a; sourceTree = "<group>"; };
		9E733E4C1E0D1C1E00783B06 /* Superpowered3BandEQ.h */ = {isa = PBXFileReference; fileEncoding = 4; lastKnownFileType = sourcecode.c.h; path = Superpowered3BandEQ.h; sourceTree = "<group>"; };
		9E733E4D1E0D1C1E00783B06 /* SuperpoweredAdvancedAudioPlayer.h */ = {isa = PBXFileReference; fileEncoding = 4; lastKnownFileType = sourcecode.c.h; path = SuperpoweredAdvancedAudioPlayer.h; sourceTree = "<group>"; };
		9E733E4E1E0D1C1E00783B06 /* SuperpoweredEcho.h */ = {isa = PBXFileReference; fileEncoding = 4; lastKnownFileType = sourcecode.c.h; path = SuperpoweredEcho.h; sourceTree = "<group>"; };
		9E733E4F1E0D1C1E00783B06 /* SuperpoweredFFT.h */ = {isa = PBXFileReference; fileEncoding = 4; lastKnownFileType = sourcecode.c.h; path = SuperpoweredFFT.h; sourceTree = "<group>"; };
		9E733E501E0D1C1E00783B06 /* SuperpoweredFilter.h */ = {isa = PBXFileReference; fileEncoding = 4; lastKnownFileType = sourcecode.c.h; path = SuperpoweredFilter.h; sourceTree = "<group>"; };
		9E733E511E0D1C1E00783B06 /* SuperpoweredFlanger.h */ = {isa = PBXFileReference; fileEncoding = 4; lastKnownFileType = sourcecode.c.h; path = SuperpoweredFlanger.h; sourceTree = "<group>"; };
		9E733E521E0D1C1E00783B06 /* SuperpoweredFX.h */ = {isa = PBXFileReference; fileEncoding = 4; lastKnownFileType = sourcecode.c.h; path = SuperpoweredFX.h; sourceTree = "<group>"; };
		9E733E531E0D1C1E00783B06 /* SuperpoweredIOSAudioIO.h */ = {isa = PBXFileReference; fileEncoding = 4; lastKnownFileType = sourcecode.c.h; path = SuperpoweredIOSAudioIO.h; sourceTree = "<group>"; };
		9E733E541E0D1C1E00783B06 /* SuperpoweredIOSAudioIO.mm */ = {isa = PBXFileReference; fileEncoding = 4; lastKnownFileType = sourcecode.cpp.objcpp; path = SuperpoweredIOSAudioIO.mm; sourceTree = "<group>"; };
		9E733E551E0D1C1E00783B06 /* SuperpoweredReverb.h */ = {isa = PBXFileReference; fileEncoding = 4; lastKnownFileType = sourcecode.c.h; path = SuperpoweredReverb.h; sourceTree = "<group>"; };
		9E733E561E0D1C1E00783B06 /* SuperpoweredRoll.h */ = {isa = PBXFileReference; fileEncoding = 4; lastKnownFileType = sourcecode.c.h; path = SuperpoweredRoll.h; sourceTree = "<group>"; };
		9E733E571E0D1C1E00783B06 /* SuperpoweredSimple.h */ = {isa = PBXFileReference; fileEncoding = 4; lastKnownFileType = sourcecode.c.h; path = SuperpoweredSimple.h; sourceTree = "<group>"; };
		9E733E5D1E0D43C100783B06 /* CoreMedia.framework */ = {isa = PBXFileReference; lastKnownFileType = wrapper.framework; name = CoreMedia.framework; path = System/Library/Frameworks/CoreMedia.framework; sourceTree = SDKROOT; };
		9E733E5F1E0D43CF00783B06 /* AudioToolbox.framework */ = {isa = PBXFileReference; lastKnownFileType = wrapper.framework; name = AudioToolbox.framework; path = System/Library/Frameworks/AudioToolbox.framework; sourceTree = SDKROOT; };
		9E733E611E0D43D900783B06 /* Accelerate.framework */ = {isa = PBXFileReference; lastKnownFileType = wrapper.framework; name = Accelerate.framework; path = System/Library/Frameworks/Accelerate.framework; sourceTree = SDKROOT; };
		9E733E631E0D43E100783B06 /* AVFoundation.framework */ = {isa = PBXFileReference; lastKnownFileType = wrapper.framework; name = AVFoundation.framework; path = System/Library/Frameworks/AVFoundation.framework; sourceTree = SDKROOT; };
		9E733E651E0D43ED00783B06 /* CoreGraphics.framework */ = {isa = PBXFileReference; lastKnownFileType = wrapper.framework; name = CoreGraphics.framework; path = System/Library/Frameworks/CoreGraphics.framework; sourceTree = SDKROOT; };
		9E733E671E0D43FA00783B06 /* Foundation.framework */ = {isa = PBXFileReference; lastKnownFileType = wrapper.framework; name = Foundation.framework; path = System/Library/Frameworks/Foundation.framework; sourceTree = SDKROOT; };
		9E733E691E0D440400783B06 /* MediaPlayer.framework */ = {isa = PBXFileReference; lastKnownFileType = wrapper.framework; name = MediaPlayer.framework; path = System/Library/Frameworks/MediaPlayer.framework; sourceTree = SDKROOT; };
		9E733E6B1E0D440D00783B06 /* QuartzCore.framework */ = {isa = PBXFileReference; lastKnownFileType = wrapper.framework; name = QuartzCore.framework; path = System/Library/Frameworks/QuartzCore.framework; sourceTree = SDKROOT; };
		9E733E6D1E0D441600783B06 /* UIKit.framework */ = {isa = PBXFileReference; lastKnownFileType = wrapper.framework; name = UIKit.framework; path = System/Library/Frameworks/UIKit.framework; sourceTree = SDKROOT; };
		9E881FC71E334ABC00852853 /* STCommonHeader.h */ = {isa = PBXFileReference; lastKnownFileType = sourcecode.c.h; path = STCommonHeader.h; sourceTree = "<group>"; };
		9E8B07A71E3103B3002BF095 /* STMusicCenterManager.h */ = {isa = PBXFileReference; fileEncoding = 4; lastKnownFileType = sourcecode.c.h; path = STMusicCenterManager.h; sourceTree = "<group>"; };
		9E8B07A81E3103B3002BF095 /* STMusicCenterManager.m */ = {isa = PBXFileReference; fileEncoding = 4; lastKnownFileType = sourcecode.c.objc; path = STMusicCenterManager.m; sourceTree = "<group>"; };
		9E8B07AD1E310432002BF095 /* STMusicModel.h */ = {isa = PBXFileReference; fileEncoding = 4; lastKnownFileType = sourcecode.c.h; path = STMusicModel.h; sourceTree = "<group>"; };
		9E8B07AE1E310432002BF095 /* STMusicModel.m */ = {isa = PBXFileReference; fileEncoding = 4; lastKnownFileType = sourcecode.c.objc; path = STMusicModel.m; sourceTree = "<group>"; };
		9E8B07B01E310505002BF095 /* STMusicPrefixHeader.pch */ = {isa = PBXFileReference; fileEncoding = 4; lastKnownFileType = sourcecode.c.h; path = STMusicPrefixHeader.pch; sourceTree = "<group>"; };
		9E8B07B11E310CF2002BF095 /* STMusicDataCenterManager.h */ = {isa = PBXFileReference; fileEncoding = 4; lastKnownFileType = sourcecode.c.h; path = STMusicDataCenterManager.h; sourceTree = "<group>"; };
		9E8B07B21E310CF2002BF095 /* STMusicDataCenterManager.m */ = {isa = PBXFileReference; fileEncoding = 4; lastKnownFileType = sourcecode.c.objc; path = STMusicDataCenterManager.m; sourceTree = "<group>"; };
		9E8B07B51E310D76002BF095 /* STMusicLrcModel.h */ = {isa = PBXFileReference; fileEncoding = 4; lastKnownFileType = sourcecode.c.h; path = STMusicLrcModel.h; sourceTree = "<group>"; };
		9E8B07B61E310D76002BF095 /* STMusicLrcModel.m */ = {isa = PBXFileReference; fileEncoding = 4; lastKnownFileType = sourcecode.c.objc; path = STMusicLrcModel.m; sourceTree = "<group>"; };
		9E8B07B91E311062002BF095 /* STLrcLab.h */ = {isa = PBXFileReference; fileEncoding = 4; lastKnownFileType = sourcecode.c.h; path = STLrcLab.h; sourceTree = "<group>"; };
		9E8B07BA1E311062002BF095 /* STLrcLab.m */ = {isa = PBXFileReference; fileEncoding = 4; lastKnownFileType = sourcecode.c.objc; path = STLrcLab.m; sourceTree = "<group>"; };
		9E8B07BD1E3110C0002BF095 /* STDoubleLRCLabShowView.h */ = {isa = PBXFileReference; fileEncoding = 4; lastKnownFileType = sourcecode.c.h; path = STDoubleLRCLabShowView.h; sourceTree = "<group>"; };
		9E8B07BE1E3110C0002BF095 /* STDoubleLRCLabShowView.m */ = {isa = PBXFileReference; fileEncoding = 4; lastKnownFileType = sourcecode.c.objc; path = STDoubleLRCLabShowView.m; sourceTree = "<group>"; };
		9E8B07BF1E3110C0002BF095 /* STDoubleLRCLabShowView.xib */ = {isa = PBXFileReference; fileEncoding = 4; lastKnownFileType = file.xib; path = STDoubleLRCLabShowView.xib; sourceTree = "<group>"; };
		9E8B07CD1E311289002BF095 /* STMusicBaseViewC.h */ = {isa = PBXFileReference; fileEncoding = 4; lastKnownFileType = sourcecode.c.h; path = STMusicBaseViewC.h; sourceTree = "<group>"; };
		9E8B07CE1E311289002BF095 /* STMusicBaseViewC.m */ = {isa = PBXFileReference; fileEncoding = 4; lastKnownFileType = sourcecode.c.objc; path = STMusicBaseViewC.m; sourceTree = "<group>"; };
		9E8B07CF1E311289002BF095 /* STMusicBaseViewC.xib */ = {isa = PBXFileReference; fileEncoding = 4; lastKnownFileType = file.xib; path = STMusicBaseViewC.xib; sourceTree = "<group>"; };
		9E8B07D21E3112BE002BF095 /* STCMusicViewC.h */ = {isa = PBXFileReference; fileEncoding = 4; lastKnownFileType = sourcecode.c.h; path = STCMusicViewC.h; sourceTree = "<group>"; };
		9E8B07D31E3112BE002BF095 /* STCMusicViewC.m */ = {isa = PBXFileReference; fileEncoding = 4; lastKnownFileType = sourcecode.c.objc; path = STCMusicViewC.m; sourceTree = "<group>"; };
		9E8B07D41E3112BE002BF095 /* STCMusicViewC.xib */ = {isa = PBXFileReference; fileEncoding = 4; lastKnownFileType = file.xib; path = STCMusicViewC.xib; sourceTree = "<group>"; };
		9E8B07D71E3112D0002BF095 /* STYunMusicViewC.h */ = {isa = PBXFileReference; fileEncoding = 4; lastKnownFileType = sourcecode.c.h; path = STYunMusicViewC.h; sourceTree = "<group>"; };
		9E8B07D81E3112D0002BF095 /* STYunMusicViewC.m */ = {isa = PBXFileReference; fileEncoding = 4; lastKnownFileType = sourcecode.c.objc; path = STYunMusicViewC.m; sourceTree = "<group>"; };
		9E8B07D91E3112D0002BF095 /* STYunMusicViewC.xib */ = {isa = PBXFileReference; fileEncoding = 4; lastKnownFileType = file.xib; path = STYunMusicViewC.xib; sourceTree = "<group>"; };
		9E8B07DC1E3113F5002BF095 /* STMusicLogicBaseViewC.h */ = {isa = PBXFileReference; fileEncoding = 4; lastKnownFileType = sourcecode.c.h; path = STMusicLogicBaseViewC.h; sourceTree = "<group>"; };
		9E8B07DD1E3113F5002BF095 /* STMusicLogicBaseViewC.m */ = {isa = PBXFileReference; fileEncoding = 4; lastKnownFileType = sourcecode.c.objc; path = STMusicLogicBaseViewC.m; sourceTree = "<group>"; };
		9E8B07DE1E3113F5002BF095 /* STMusicLogicBaseViewC.xib */ = {isa = PBXFileReference; fileEncoding = 4; lastKnownFileType = file.xib; path = STMusicLogicBaseViewC.xib; sourceTree = "<group>"; };
		9E8B07E11E31141C002BF095 /* STMusicLogicViewC.h */ = {isa = PBXFileReference; fileEncoding = 4; lastKnownFileType = sourcecode.c.h; path = STMusicLogicViewC.h; sourceTree = "<group>"; };
		9E8B07E21E31141C002BF095 /* STMusicLogicViewC.m */ = {isa = PBXFileReference; fileEncoding = 4; lastKnownFileType = sourcecode.c.objc; path = STMusicLogicViewC.m; sourceTree = "<group>"; };
		9E8B07E31E31141C002BF095 /* STMusicLogicViewC.xib */ = {isa = PBXFileReference; fileEncoding = 4; lastKnownFileType = file.xib; path = STMusicLogicViewC.xib; sourceTree = "<group>"; };
		9E8B07E61E311445002BF095 /* STMusicUIBaseViewC.h */ = {isa = PBXFileReference; fileEncoding = 4; lastKnownFileType = sourcecode.c.h; path = STMusicUIBaseViewC.h; sourceTree = "<group>"; };
		9E8B07E71E311445002BF095 /* STMusicUIBaseViewC.m */ = {isa = PBXFileReference; fileEncoding = 4; lastKnownFileType = sourcecode.c.objc; path = STMusicUIBaseViewC.m; sourceTree = "<group>"; };
		9E8B07E81E311445002BF095 /* STMusicUIBaseViewC.xib */ = {isa = PBXFileReference; fileEncoding = 4; lastKnownFileType = file.xib; path = STMusicUIBaseViewC.xib; sourceTree = "<group>"; };
		9E8B07F01E3114A4002BF095 /* STCMusicUIViewC.h */ = {isa = PBXFileReference; fileEncoding = 4; lastKnownFileType = sourcecode.c.h; path = STCMusicUIViewC.h; sourceTree = "<group>"; };
		9E8B07F11E3114A4002BF095 /* STCMusicUIViewC.m */ = {isa = PBXFileReference; fileEncoding = 4; lastKnownFileType = sourcecode.c.objc; path = STCMusicUIViewC.m; sourceTree = "<group>"; };
		9E8B07F21E3114A4002BF095 /* STCMusicUIViewC.xib */ = {isa = PBXFileReference; fileEncoding = 4; lastKnownFileType = file.xib; path = STCMusicUIViewC.xib; sourceTree = "<group>"; };
		9E8B07F51E3114B8002BF095 /* STYunMusicUIViewC.h */ = {isa = PBXFileReference; fileEncoding = 4; lastKnownFileType = sourcecode.c.h; path = STYunMusicUIViewC.h; sourceTree = "<group>"; };
		9E8B07F61E3114B8002BF095 /* STYunMusicUIViewC.m */ = {isa = PBXFileReference; fileEncoding = 4; lastKnownFileType = sourcecode.c.objc; path = STYunMusicUIViewC.m; sourceTree = "<group>"; };
		9E8B07F71E3114B8002BF095 /* STYunMusicUIViewC.xib */ = {isa = PBXFileReference; fileEncoding = 4; lastKnownFileType = file.xib; path = STYunMusicUIViewC.xib; sourceTree = "<group>"; };
		9E8B07FA1E3115F9002BF095 /* STMusicSEBaseUIViewC.h */ = {isa = PBXFileReference; fileEncoding = 4; lastKnownFileType = sourcecode.c.h; path = STMusicSEBaseUIViewC.h; sourceTree = "<group>"; };
		9E8B07FB1E3115F9002BF095 /* STMusicSEBaseUIViewC.m */ = {isa = PBXFileReference; fileEncoding = 4; lastKnownFileType = sourcecode.c.objc; path = STMusicSEBaseUIViewC.m; sourceTree = "<group>"; };
		9E8B07FC1E3115F9002BF095 /* STMusicSEBaseUIViewC.xib */ = {isa = PBXFileReference; fileEncoding = 4; lastKnownFileType = file.xib; path = STMusicSEBaseUIViewC.xib; sourceTree = "<group>"; };
		9E8B07FF1E31168D002BF095 /* STYunMusicSEUIViewC.h */ = {isa = PBXFileReference; fileEncoding = 4; lastKnownFileType = sourcecode.c.h; path = STYunMusicSEUIViewC.h; sourceTree = "<group>"; };
		9E8B08001E31168D002BF095 /* STYunMusicSEUIViewC.m */ = {isa = PBXFileReference; fileEncoding = 4; lastKnownFileType = sourcecode.c.objc; path = STYunMusicSEUIViewC.m; sourceTree = "<group>"; };
		9E8B08011E31168D002BF095 /* STYunMusicSEUIViewC.xib */ = {isa = PBXFileReference; fileEncoding = 4; lastKnownFileType = file.xib; path = STYunMusicSEUIViewC.xib; sourceTree = "<group>"; };
		9E8B08041E3116C2002BF095 /* STCMusicSEUIViewC.h */ = {isa = PBXFileReference; fileEncoding = 4; lastKnownFileType = sourcecode.c.h; path = STCMusicSEUIViewC.h; sourceTree = "<group>"; };
		9E8B08051E3116C2002BF095 /* STCMusicSEUIViewC.m */ = {isa = PBXFileReference; fileEncoding = 4; lastKnownFileType = sourcecode.c.objc; path = STCMusicSEUIViewC.m; sourceTree = "<group>"; };
		9E8B08061E3116C2002BF095 /* STCMusicSEUIViewC.xib */ = {isa = PBXFileReference; fileEncoding = 4; lastKnownFileType = file.xib; path = STCMusicSEUIViewC.xib; sourceTree = "<group>"; };
		9E8B08091E31180E002BF095 /* STMusicSELogicBaseViewC.h */ = {isa = PBXFileReference; fileEncoding = 4; lastKnownFileType = sourcecode.c.h; path = STMusicSELogicBaseViewC.h; sourceTree = "<group>"; };
		9E8B080A1E31180E002BF095 /* STMusicSELogicBaseViewC.m */ = {isa = PBXFileReference; fileEncoding = 4; lastKnownFileType = sourcecode.c.objc; path = STMusicSELogicBaseViewC.m; sourceTree = "<group>"; };
		9E8B080B1E31180E002BF095 /* STMusicSELogicBaseViewC.xib */ = {isa = PBXFileReference; fileEncoding = 4; lastKnownFileType = file.xib; path = STMusicSELogicBaseViewC.xib; sourceTree = "<group>"; };
		9E8B080F1E311847002BF095 /* STMusicSELogicViewC.h */ = {isa = PBXFileReference; fileEncoding = 4; lastKnownFileType = sourcecode.c.h; path = STMusicSELogicViewC.h; sourceTree = "<group>"; };
		9E8B08101E311847002BF095 /* STMusicSELogicViewC.m */ = {isa = PBXFileReference; fileEncoding = 4; lastKnownFileType = sourcecode.c.objc; path = STMusicSELogicViewC.m; sourceTree = "<group>"; };
		9E8B08111E311847002BF095 /* STMusicSELogicViewC.xib */ = {isa = PBXFileReference; fileEncoding = 4; lastKnownFileType = file.xib; path = STMusicSELogicViewC.xib; sourceTree = "<group>"; };
		9E8B08141E3118B4002BF095 /* STMusicSEBaseViewC.h */ = {isa = PBXFileReference; fileEncoding = 4; lastKnownFileType = sourcecode.c.h; path = STMusicSEBaseViewC.h; sourceTree = "<group>"; };
		9E8B08151E3118B4002BF095 /* STMusicSEBaseViewC.m */ = {isa = PBXFileReference; fileEncoding = 4; lastKnownFileType = sourcecode.c.objc; path = STMusicSEBaseViewC.m; sourceTree = "<group>"; };
		9E8B08161E3118B4002BF095 /* STMusicSEBaseViewC.xib */ = {isa = PBXFileReference; fileEncoding = 4; lastKnownFileType = file.xib; path = STMusicSEBaseViewC.xib; sourceTree = "<group>"; };
		9E8B08191E3118DB002BF095 /* STCMusicSEViewC.h */ = {isa = PBXFileReference; fileEncoding = 4; lastKnownFileType = sourcecode.c.h; path = STCMusicSEViewC.h; sourceTree = "<group>"; };
		9E8B081A1E3118DB002BF095 /* STCMusicSEViewC.m */ = {isa = PBXFileReference; fileEncoding = 4; lastKnownFileType = sourcecode.c.objc; path = STCMusicSEViewC.m; sourceTree = "<group>"; };
		9E8B081B1E3118DB002BF095 /* STCMusicSEViewC.xib */ = {isa = PBXFileReference; fileEncoding = 4; lastKnownFileType = file.xib; path = STCMusicSEViewC.xib; sourceTree = "<group>"; };
		9E8B081E1E3118EA002BF095 /* STYunMusicSEViewC.h */ = {isa = PBXFileReference; fileEncoding = 4; lastKnownFileType = sourcecode.c.h; path = STYunMusicSEViewC.h; sourceTree = "<group>"; };
		9E8B081F1E3118EA002BF095 /* STYunMusicSEViewC.m */ = {isa = PBXFileReference; fileEncoding = 4; lastKnownFileType = sourcecode.c.objc; path = STYunMusicSEViewC.m; sourceTree = "<group>"; };
		9E8B08201E3118EA002BF095 /* STYunMusicSEViewC.xib */ = {isa = PBXFileReference; fileEncoding = 4; lastKnownFileType = file.xib; path = STYunMusicSEViewC.xib; sourceTree = "<group>"; };
		9E8B08241E311ABD002BF095 /* STMusicSESliderView.h */ = {isa = PBXFileReference; fileEncoding = 4; lastKnownFileType = sourcecode.c.h; path = STMusicSESliderView.h; sourceTree = "<group>"; };
		9E8B08251E311ABD002BF095 /* STMusicSESliderView.m */ = {isa = PBXFileReference; fileEncoding = 4; lastKnownFileType = sourcecode.c.objc; path = STMusicSESliderView.m; sourceTree = "<group>"; };
		9E8B08271E311AD1002BF095 /* STMusicSESliderView.xib */ = {isa = PBXFileReference; fileEncoding = 4; lastKnownFileType = file.xib; path = STMusicSESliderView.xib; sourceTree = "<group>"; };
		9E8B082A1E311AF5002BF095 /* STMusicSEPitchView.h */ = {isa = PBXFileReference; fileEncoding = 4; lastKnownFileType = sourcecode.c.h; path = STMusicSEPitchView.h; sourceTree = "<group>"; };
		9E8B082B1E311AF5002BF095 /* STMusicSEPitchView.m */ = {isa = PBXFileReference; fileEncoding = 4; lastKnownFileType = sourcecode.c.objc; path = STMusicSEPitchView.m; sourceTree = "<group>"; };
		9E8B082D1E311AFE002BF095 /* STMusicSEPitchView.xib */ = {isa = PBXFileReference; fileEncoding = 4; lastKnownFileType = file.xib; path = STMusicSEPitchView.xib; sourceTree = "<group>"; };
		9E8B08301E311B36002BF095 /* STMusicSEEffectTypeView.h */ = {isa = PBXFileReference; fileEncoding = 4; lastKnownFileType = sourcecode.c.h; path = STMusicSEEffectTypeView.h; sourceTree = "<group>"; };
		9E8B08311E311B36002BF095 /* STMusicSEEffectTypeView.m */ = {isa = PBXFileReference; fileEncoding = 4; lastKnownFileType = sourcecode.c.objc; path = STMusicSEEffectTypeView.m; sourceTree = "<group>"; };
		9E8B08331E311B40002BF095 /* STMusicSEEffectTypeView.xib */ = {isa = PBXFileReference; fileEncoding = 4; lastKnownFileType = file.xib; path = STMusicSEEffectTypeView.xib; sourceTree = "<group>"; };
		9E8B08361E311B5D002BF095 /* STMusicSENavView.h */ = {isa = PBXFileReference; fileEncoding = 4; lastKnownFileType = sourcecode.c.h; path = STMusicSENavView.h; sourceTree = "<group>"; };
		9E8B08371E311B5D002BF095 /* STMusicSENavView.m */ = {isa = PBXFileReference; fileEncoding = 4; lastKnownFileType = sourcecode.c.objc; path = STMusicSENavView.m; sourceTree = "<group>"; };
		9E8B08391E311B6C002BF095 /* STMusicSENavView.xib */ = {isa = PBXFileReference; fileEncoding = 4; lastKnownFileType = file.xib; path = STMusicSENavView.xib; sourceTree = "<group>"; };
		9EBF20151E0D12A500C5A0B3 /* SuperPoweredAudioMusicPlay.app */ = {isa = PBXFileReference; explicitFileType = wrapper.application; includeInIndex = 0; path = SuperPoweredAudioMusicPlay.app; sourceTree = BUILT_PRODUCTS_DIR; };
		9EBF20191E0D12A500C5A0B3 /* main.m */ = {isa = PBXFileReference; lastKnownFileType = sourcecode.c.objc; path = main.m; sourceTree = "<group>"; };
		9EBF201B1E0D12A500C5A0B3 /* AppDelegate.h */ = {isa = PBXFileReference; lastKnownFileType = sourcecode.c.h; path = AppDelegate.h; sourceTree = "<group>"; };
		9EBF201C1E0D12A500C5A0B3 /* AppDelegate.m */ = {isa = PBXFileReference; lastKnownFileType = sourcecode.c.objc; path = AppDelegate.m; sourceTree = "<group>"; };
		9EBF201E1E0D12A500C5A0B3 /* ViewController.h */ = {isa = PBXFileReference; lastKnownFileType = sourcecode.c.h; path = ViewController.h; sourceTree = "<group>"; };
		9EBF201F1E0D12A500C5A0B3 /* ViewController.m */ = {isa = PBXFileReference; lastKnownFileType = sourcecode.c.objc; path = ViewController.m; sourceTree = "<group>"; };
		9EBF20221E0D12A500C5A0B3 /* Base */ = {isa = PBXFileReference; lastKnownFileType = file.storyboard; name = Base; path = Base.lproj/Main.storyboard; sourceTree = "<group>"; };
		9EBF20241E0D12A500C5A0B3 /* Assets.xcassets */ = {isa = PBXFileReference; lastKnownFileType = folder.assetcatalog; path = Assets.xcassets; sourceTree = "<group>"; };
		9EBF20271E0D12A500C5A0B3 /* Base */ = {isa = PBXFileReference; lastKnownFileType = file.storyboard; name = Base; path = Base.lproj/LaunchScreen.storyboard; sourceTree = "<group>"; };
		9EBF20291E0D12A500C5A0B3 /* Info.plist */ = {isa = PBXFileReference; lastKnownFileType = text.plist.xml; path = Info.plist; sourceTree = "<group>"; };
		9EBF202E1E0D12A500C5A0B3 /* SuperPoweredAudioMusicPlayTests.xctest */ = {isa = PBXFileReference; explicitFileType = wrapper.cfbundle; includeInIndex = 0; path = SuperPoweredAudioMusicPlayTests.xctest; sourceTree = BUILT_PRODUCTS_DIR; };
		9EBF20321E0D12A500C5A0B3 /* SuperPoweredAudioMusicPlayTests.m */ = {isa = PBXFileReference; lastKnownFileType = sourcecode.c.objc; path = SuperPoweredAudioMusicPlayTests.m; sourceTree = "<group>"; };
		9EBF20341E0D12A500C5A0B3 /* Info.plist */ = {isa = PBXFileReference; lastKnownFileType = text.plist.xml; path = Info.plist; sourceTree = "<group>"; };
		9EBF20391E0D12A500C5A0B3 /* SuperPoweredAudioMusicPlayUITests.xctest */ = {isa = PBXFileReference; explicitFileType = wrapper.cfbundle; includeInIndex = 0; path = SuperPoweredAudioMusicPlayUITests.xctest; sourceTree = BUILT_PRODUCTS_DIR; };
		9EBF203D1E0D12A500C5A0B3 /* SuperPoweredAudioMusicPlayUITests.m */ = {isa = PBXFileReference; lastKnownFileType = sourcecode.c.objc; path = SuperPoweredAudioMusicPlayUITests.m; sourceTree = "<group>"; };
		9EBF203F1E0D12A500C5A0B3 /* Info.plist */ = {isa = PBXFileReference; lastKnownFileType = text.plist.xml; path = Info.plist; sourceTree = "<group>"; };
		A5F45A65CD83C3A392B3A3A7 /* Pods-SuperPoweredAudioMusicPlay.release.xcconfig */ = {isa = PBXFileReference; includeInIndex = 1; lastKnownFileType = text.xcconfig; name = "Pods-SuperPoweredAudioMusicPlay.release.xcconfig"; path = "Pods/Target Support Files/Pods-SuperPoweredAudioMusicPlay/Pods-SuperPoweredAudioMusicPlay.release.xcconfig"; sourceTree = "<group>"; };
		B3CCC1E6C9DA8D2915476719 /* libPods-SuperPoweredAudioMusicPlay.a */ = {isa = PBXFileReference; explicitFileType = archive.ar; includeInIndex = 0; path = "libPods-SuperPoweredAudioMusicPlay.a"; sourceTree = BUILT_PRODUCTS_DIR; };
		BEFD2E734CA2D4644D6E5CB3 /* Pods-SuperPoweredAudioMusicPlay.debug.xcconfig */ = {isa = PBXFileReference; includeInIndex = 1; lastKnownFileType = text.xcconfig; name = "Pods-SuperPoweredAudioMusicPlay.debug.xcconfig"; path = "Pods/Target Support Files/Pods-SuperPoweredAudioMusicPlay/Pods-SuperPoweredAudioMusicPlay.debug.xcconfig"; sourceTree = "<group>"; };
/* End PBXFileReference section */

/* Begin PBXFrameworksBuildPhase section */
		9EBF20121E0D12A500C5A0B3 /* Frameworks */ = {
			isa = PBXFrameworksBuildPhase;
			buildActionMask = 2147483647;
			files = (
				9E733E6E1E0D441600783B06 /* UIKit.framework in Frameworks */,
				9E733E6C1E0D440D00783B06 /* QuartzCore.framework in Frameworks */,
				9E733E6A1E0D440400783B06 /* MediaPlayer.framework in Frameworks */,
				9E733E681E0D43FA00783B06 /* Foundation.framework in Frameworks */,
				9E733E661E0D43ED00783B06 /* CoreGraphics.framework in Frameworks */,
				9E733E641E0D43E100783B06 /* AVFoundation.framework in Frameworks */,
				9E733E621E0D43D900783B06 /* Accelerate.framework in Frameworks */,
				9E733E601E0D43CF00783B06 /* AudioToolbox.framework in Frameworks */,
				9E733E5E1E0D43C100783B06 /* CoreMedia.framework in Frameworks */,
				9E733E581E0D1C1E00783B06 /* libSuperpoweredAudioIOS.a in Frameworks */,
				4E6B178EFCA74F6336CDCEBD /* libPods-SuperPoweredAudioMusicPlay.a in Frameworks */,
			);
			runOnlyForDeploymentPostprocessing = 0;
		};
		9EBF202B1E0D12A500C5A0B3 /* Frameworks */ = {
			isa = PBXFrameworksBuildPhase;
			buildActionMask = 2147483647;
			files = (
			);
			runOnlyForDeploymentPostprocessing = 0;
		};
		9EBF20361E0D12A500C5A0B3 /* Frameworks */ = {
			isa = PBXFrameworksBuildPhase;
			buildActionMask = 2147483647;
			files = (
			);
			runOnlyForDeploymentPostprocessing = 0;
		};
/* End PBXFrameworksBuildPhase section */

/* Begin PBXGroup section */
		86F00E7EAC8E58504AA8B391 /* Pods */ = {
			isa = PBXGroup;
			children = (
				BEFD2E734CA2D4644D6E5CB3 /* Pods-SuperPoweredAudioMusicPlay.debug.xcconfig */,
				A5F45A65CD83C3A392B3A3A7 /* Pods-SuperPoweredAudioMusicPlay.release.xcconfig */,
			);
			name = Pods;
			sourceTree = "<group>";
		};
		9E1109D81E1A4B7A00D52F25 /* Resources */ = {
			isa = PBXGroup;
			children = (
				9E1109D61E1A4B6B00D52F25 /* 王菲传奇.mp3 */,
			);
			name = Resources;
			sourceTree = "<group>";
		};
		9E4DBEF21E0D1623003E9BC5 /* C++PlayerLib */ = {
			isa = PBXGroup;
			children = (
				9E733E4B1E0D1C1E00783B06 /* libSuperpoweredAudioIOS.a */,
				9E733E4C1E0D1C1E00783B06 /* Superpowered3BandEQ.h */,
				9E733E4D1E0D1C1E00783B06 /* SuperpoweredAdvancedAudioPlayer.h */,
				9E733E4E1E0D1C1E00783B06 /* SuperpoweredEcho.h */,
				9E733E4F1E0D1C1E00783B06 /* SuperpoweredFFT.h */,
				9E733E501E0D1C1E00783B06 /* SuperpoweredFilter.h */,
				9E733E511E0D1C1E00783B06 /* SuperpoweredFlanger.h */,
				9E733E521E0D1C1E00783B06 /* SuperpoweredFX.h */,
				9E733E531E0D1C1E00783B06 /* SuperpoweredIOSAudioIO.h */,
				9E733E541E0D1C1E00783B06 /* SuperpoweredIOSAudioIO.mm */,
				9E733E551E0D1C1E00783B06 /* SuperpoweredReverb.h */,
				9E733E561E0D1C1E00783B06 /* SuperpoweredRoll.h */,
				9E733E571E0D1C1E00783B06 /* SuperpoweredSimple.h */,
			);
			path = "C++PlayerLib";
			sourceTree = "<group>";
		};
		9E69EA511E2FB7D500697891 /* STMusic */ = {
			isa = PBXGroup;
			children = (
				9E69EA521E2FC3AD00697891 /* STMusicFunction */,
				9E69EA531E2FC3D600697891 /* STMusicSE */,
				9E8B07AA1E3103E9002BF095 /* STMusicView */,
				9E69EA751E2FCAE100697891 /* STMusicPlayer */,
				9E69EA641E2FC8AB00697891 /* STMusicExtension */,
				9E69EA631E2FC89100697891 /* STMusicManager */,
				9E69EA741E2FCAC800697891 /* STMusicThirdLib */,
				9E8B07B01E310505002BF095 /* STMusicPrefixHeader.pch */,
			);
			name = STMusic;
			sourceTree = "<group>";
		};
		9E69EA521E2FC3AD00697891 /* STMusicFunction */ = {
			isa = PBXGroup;
			children = (
				9E69EA661E2FC98600697891 /* STMusicView */,
				9E69EA5B1E2FC7B900697891 /* STMusicUIViewC */,
				9E69EA581E2FC77200697891 /* STMusicLogicViewC */,
				9E69EA551E2FC74E00697891 /* STMusicViewC */,
			);
			name = STMusicFunction;
			sourceTree = "<group>";
		};
		9E69EA531E2FC3D600697891 /* STMusicSE */ = {
			isa = PBXGroup;
			children = (
				9E69EA6D1E2FCA0F00697891 /* STMusicSEUIViewC */,
				9E69EA6B1E2FC9E100697891 /* STMusicSELogicViewC */,
				9E69EA671E2FC99D00697891 /* STMusicSEViewC */,
			);
			name = STMusicSE;
			sourceTree = "<group>";
		};
		9E69EA541E2FC72D00697891 /* STMusicBaseViewC */ = {
			isa = PBXGroup;
			children = (
				9E8B07CD1E311289002BF095 /* STMusicBaseViewC.h */,
				9E8B07CE1E311289002BF095 /* STMusicBaseViewC.m */,
				9E8B07CF1E311289002BF095 /* STMusicBaseViewC.xib */,
			);
			name = STMusicBaseViewC;
			sourceTree = "<group>";
		};
		9E69EA551E2FC74E00697891 /* STMusicViewC */ = {
			isa = PBXGroup;
			children = (
				9E69EA571E2FC76100697891 /* STYunMusicViewC */,
				9E69EA561E2FC75900697891 /* STCMusic */,
				9E69EA541E2FC72D00697891 /* STMusicBaseViewC */,
			);
			name = STMusicViewC;
			sourceTree = "<group>";
		};
		9E69EA561E2FC75900697891 /* STCMusic */ = {
			isa = PBXGroup;
			children = (
				9E8B07D21E3112BE002BF095 /* STCMusicViewC.h */,
				9E8B07D31E3112BE002BF095 /* STCMusicViewC.m */,
				9E8B07D41E3112BE002BF095 /* STCMusicViewC.xib */,
			);
			name = STCMusic;
			sourceTree = "<group>";
		};
		9E69EA571E2FC76100697891 /* STYunMusicViewC */ = {
			isa = PBXGroup;
			children = (
				9E8B07D71E3112D0002BF095 /* STYunMusicViewC.h */,
				9E8B07D81E3112D0002BF095 /* STYunMusicViewC.m */,
				9E8B07D91E3112D0002BF095 /* STYunMusicViewC.xib */,
			);
			name = STYunMusicViewC;
			sourceTree = "<group>";
		};
		9E69EA581E2FC77200697891 /* STMusicLogicViewC */ = {
			isa = PBXGroup;
			children = (
				9E69EA5A1E2FC79B00697891 /* STMusicLogicViewC */,
				9E69EA591E2FC78B00697891 /* STMusicLogicBaseViewC */,
			);
			name = STMusicLogicViewC;
			sourceTree = "<group>";
		};
		9E69EA591E2FC78B00697891 /* STMusicLogicBaseViewC */ = {
			isa = PBXGroup;
			children = (
				9E8B07DC1E3113F5002BF095 /* STMusicLogicBaseViewC.h */,
				9E8B07DD1E3113F5002BF095 /* STMusicLogicBaseViewC.m */,
				9E8B07DE1E3113F5002BF095 /* STMusicLogicBaseViewC.xib */,
			);
			name = STMusicLogicBaseViewC;
			sourceTree = "<group>";
		};
		9E69EA5A1E2FC79B00697891 /* STMusicLogicViewC */ = {
			isa = PBXGroup;
			children = (
				9E8B07E11E31141C002BF095 /* STMusicLogicViewC.h */,
				9E8B07E21E31141C002BF095 /* STMusicLogicViewC.m */,
				9E8B07E31E31141C002BF095 /* STMusicLogicViewC.xib */,
			);
			name = STMusicLogicViewC;
			sourceTree = "<group>";
		};
		9E69EA5B1E2FC7B900697891 /* STMusicUIViewC */ = {
			isa = PBXGroup;
			children = (
				9E69EA5E1E2FC7E700697891 /* STYunMusicUIViewC */,
				9E69EA5D1E2FC7D600697891 /* STCMusicUIViewC */,
				9E69EA5C1E2FC7C500697891 /* STMusicUIBaseViewC */,
			);
			name = STMusicUIViewC;
			sourceTree = "<group>";
		};
		9E69EA5C1E2FC7C500697891 /* STMusicUIBaseViewC */ = {
			isa = PBXGroup;
			children = (
				9E8B07E61E311445002BF095 /* STMusicUIBaseViewC.h */,
				9E8B07E71E311445002BF095 /* STMusicUIBaseViewC.m */,
				9E8B07E81E311445002BF095 /* STMusicUIBaseViewC.xib */,
			);
			name = STMusicUIBaseViewC;
			sourceTree = "<group>";
		};
		9E69EA5D1E2FC7D600697891 /* STCMusicUIViewC */ = {
			isa = PBXGroup;
			children = (
				9E8B07F01E3114A4002BF095 /* STCMusicUIViewC.h */,
				9E8B07F11E3114A4002BF095 /* STCMusicUIViewC.m */,
				9E8B07F21E3114A4002BF095 /* STCMusicUIViewC.xib */,
			);
			name = STCMusicUIViewC;
			sourceTree = "<group>";
		};
		9E69EA5E1E2FC7E700697891 /* STYunMusicUIViewC */ = {
			isa = PBXGroup;
			children = (
				9E8B07F51E3114B8002BF095 /* STYunMusicUIViewC.h */,
				9E8B07F61E3114B8002BF095 /* STYunMusicUIViewC.m */,
				9E8B07F71E3114B8002BF095 /* STYunMusicUIViewC.xib */,
			);
			name = STYunMusicUIViewC;
			sourceTree = "<group>";
		};
		9E69EA601E2FC83C00697891 /* STMusicCenterManager */ = {
			isa = PBXGroup;
			children = (
				9E8B07A71E3103B3002BF095 /* STMusicCenterManager.h */,
				9E8B07A81E3103B3002BF095 /* STMusicCenterManager.m */,
			);
			name = STMusicCenterManager;
			sourceTree = "<group>";
		};
		9E69EA631E2FC89100697891 /* STMusicManager */ = {
			isa = PBXGroup;
			children = (
				9E69EA651E2FC8C300697891 /* STMusicDataCenterManager */,
				9E69EA601E2FC83C00697891 /* STMusicCenterManager */,
			);
			name = STMusicManager;
			sourceTree = "<group>";
		};
		9E69EA641E2FC8AB00697891 /* STMusicExtension */ = {
			isa = PBXGroup;
			children = (
				9E69EA731E2FCAA900697891 /* STMusicCategory */,
				9E69EA721E2FCA8B00697891 /* STMusicExtensionView */,
			);
			name = STMusicExtension;
			sourceTree = "<group>";
		};
		9E69EA651E2FC8C300697891 /* STMusicDataCenterManager */ = {
			isa = PBXGroup;
			children = (
				9E8B07B11E310CF2002BF095 /* STMusicDataCenterManager.h */,
				9E8B07B21E310CF2002BF095 /* STMusicDataCenterManager.m */,
			);
			name = STMusicDataCenterManager;
			sourceTree = "<group>";
		};
		9E69EA661E2FC98600697891 /* STMusicView */ = {
			isa = PBXGroup;
			children = (
			);
			name = STMusicView;
			sourceTree = "<group>";
		};
		9E69EA671E2FC99D00697891 /* STMusicSEViewC */ = {
			isa = PBXGroup;
			children = (
				9E69EA6A1E2FC9D000697891 /* STYunMusicSEViewC */,
				9E69EA691E2FC9BE00697891 /* STCMusicSEViewC */,
				9E69EA681E2FC9AA00697891 /* STMusicSEBaseViewC */,
			);
			name = STMusicSEViewC;
			sourceTree = "<group>";
		};
		9E69EA681E2FC9AA00697891 /* STMusicSEBaseViewC */ = {
			isa = PBXGroup;
			children = (
				9E8B08141E3118B4002BF095 /* STMusicSEBaseViewC.h */,
				9E8B08151E3118B4002BF095 /* STMusicSEBaseViewC.m */,
				9E8B08161E3118B4002BF095 /* STMusicSEBaseViewC.xib */,
			);
			name = STMusicSEBaseViewC;
			sourceTree = "<group>";
		};
		9E69EA691E2FC9BE00697891 /* STCMusicSEViewC */ = {
			isa = PBXGroup;
			children = (
				9E8B08191E3118DB002BF095 /* STCMusicSEViewC.h */,
				9E8B081A1E3118DB002BF095 /* STCMusicSEViewC.m */,
				9E8B081B1E3118DB002BF095 /* STCMusicSEViewC.xib */,
			);
			name = STCMusicSEViewC;
			sourceTree = "<group>";
		};
		9E69EA6A1E2FC9D000697891 /* STYunMusicSEViewC */ = {
			isa = PBXGroup;
			children = (
				9E8B081E1E3118EA002BF095 /* STYunMusicSEViewC.h */,
				9E8B081F1E3118EA002BF095 /* STYunMusicSEViewC.m */,
				9E8B08201E3118EA002BF095 /* STYunMusicSEViewC.xib */,
			);
			name = STYunMusicSEViewC;
			sourceTree = "<group>";
		};
		9E69EA6B1E2FC9E100697891 /* STMusicSELogicViewC */ = {
			isa = PBXGroup;
			children = (
				9E8B080E1E31182D002BF095 /* STMusicSELogicViewC */,
				9E69EA6C1E2FC9FE00697891 /* STMusicSELogicBaseViewC */,
			);
			name = STMusicSELogicViewC;
			sourceTree = "<group>";
		};
		9E69EA6C1E2FC9FE00697891 /* STMusicSELogicBaseViewC */ = {
			isa = PBXGroup;
			children = (
				9E8B08091E31180E002BF095 /* STMusicSELogicBaseViewC.h */,
				9E8B080A1E31180E002BF095 /* STMusicSELogicBaseViewC.m */,
				9E8B080B1E31180E002BF095 /* STMusicSELogicBaseViewC.xib */,
			);
			name = STMusicSELogicBaseViewC;
			sourceTree = "<group>";
		};
		9E69EA6D1E2FCA0F00697891 /* STMusicSEUIViewC */ = {
			isa = PBXGroup;
			children = (
				9E69EA701E2FCA4E00697891 /* STCMusicSEUIViewC */,
				9E69EA6F1E2FCA3300697891 /* STYunMusicSEUIViewC */,
				9E69EA6E1E2FCA2600697891 /* STMusicSEUIBaseViewC */,
			);
			name = STMusicSEUIViewC;
			sourceTree = "<group>";
		};
		9E69EA6E1E2FCA2600697891 /* STMusicSEUIBaseViewC */ = {
			isa = PBXGroup;
			children = (
				9E8B07FA1E3115F9002BF095 /* STMusicSEBaseUIViewC.h */,
				9E8B07FB1E3115F9002BF095 /* STMusicSEBaseUIViewC.m */,
				9E8B07FC1E3115F9002BF095 /* STMusicSEBaseUIViewC.xib */,
			);
			name = STMusicSEUIBaseViewC;
			sourceTree = "<group>";
		};
		9E69EA6F1E2FCA3300697891 /* STYunMusicSEUIViewC */ = {
			isa = PBXGroup;
			children = (
				9E8B07FF1E31168D002BF095 /* STYunMusicSEUIViewC.h */,
				9E8B08001E31168D002BF095 /* STYunMusicSEUIViewC.m */,
				9E8B08011E31168D002BF095 /* STYunMusicSEUIViewC.xib */,
			);
			name = STYunMusicSEUIViewC;
			sourceTree = "<group>";
		};
		9E69EA701E2FCA4E00697891 /* STCMusicSEUIViewC */ = {
			isa = PBXGroup;
			children = (
				9E8B08041E3116C2002BF095 /* STCMusicSEUIViewC.h */,
				9E8B08051E3116C2002BF095 /* STCMusicSEUIViewC.m */,
				9E8B08061E3116C2002BF095 /* STCMusicSEUIViewC.xib */,
			);
			name = STCMusicSEUIViewC;
			sourceTree = "<group>";
		};
		9E69EA721E2FCA8B00697891 /* STMusicExtensionView */ = {
			isa = PBXGroup;
			children = (
				9E8B07B81E31104A002BF095 /* STLrcLab */,
				9E8B07BC1E3110A5002BF095 /* STDoubleLRCLabShowView */,
				9E8B08351E311B51002BF095 /* STMusicSENavView */,
				9E8B082F1E311B20002BF095 /* STMusicSEEffectTypeView */,
				9E8B08291E311ADD002BF095 /* STMusicSEPitchView */,
				9E8B08231E311AA3002BF095 /* STMusicSESliderView */,
			);
			name = STMusicExtensionView;
			sourceTree = "<group>";
		};
		9E69EA731E2FCAA900697891 /* STMusicCategory */ = {
			isa = PBXGroup;
			children = (
			);
			name = STMusicCategory;
			sourceTree = "<group>";
		};
		9E69EA741E2FCAC800697891 /* STMusicThirdLib */ = {
			isa = PBXGroup;
			children = (
				9E4DBEF21E0D1623003E9BC5 /* C++PlayerLib */,
			);
			name = STMusicThirdLib;
			sourceTree = "<group>";
		};
		9E69EA751E2FCAE100697891 /* STMusicPlayer */ = {
			isa = PBXGroup;
			children = (
				9E69EA761E2FCAEB00697891 /* STMusicC++Player */,
			);
			name = STMusicPlayer;
			sourceTree = "<group>";
		};
		9E69EA761E2FCAEB00697891 /* STMusicC++Player */ = {
			isa = PBXGroup;
			children = (
			);
			name = "STMusicC++Player";
			sourceTree = "<group>";
		};
		9E733E5C1E0D43C100783B06 /* Frameworks */ = {
			isa = PBXGroup;
			children = (
				9E733E6D1E0D441600783B06 /* UIKit.framework */,
				9E733E6B1E0D440D00783B06 /* QuartzCore.framework */,
				9E733E691E0D440400783B06 /* MediaPlayer.framework */,
				9E733E671E0D43FA00783B06 /* Foundation.framework */,
				9E733E651E0D43ED00783B06 /* CoreGraphics.framework */,
				9E733E631E0D43E100783B06 /* AVFoundation.framework */,
				9E733E611E0D43D900783B06 /* Accelerate.framework */,
				9E733E5F1E0D43CF00783B06 /* AudioToolbox.framework */,
				9E733E5D1E0D43C100783B06 /* CoreMedia.framework */,
				B3CCC1E6C9DA8D2915476719 /* libPods-SuperPoweredAudioMusicPlay.a */,
			);
			name = Frameworks;
			sourceTree = "<group>";
		};
		9E881F951E3329FC00852853 /* STCommon */ = {
			isa = PBXGroup;
			children = (
				9E881FC71E334ABC00852853 /* STCommonHeader.h */,
			);
			name = STCommon;
			sourceTree = "<group>";
		};
		9E8B07AA1E3103E9002BF095 /* STMusicView */ = {
			isa = PBXGroup;
			children = (
				9E8B07AB1E3103F3002BF095 /* STModel */,
			);
			name = STMusicView;
			sourceTree = "<group>";
		};
		9E8B07AB1E3103F3002BF095 /* STModel */ = {
			isa = PBXGroup;
			children = (
				9E8B07B41E310D51002BF095 /* STMusicLrcModel */,
				9E8B07AC1E3103FD002BF095 /* STMusicModel */,
			);
			name = STModel;
			sourceTree = "<group>";
		};
		9E8B07AC1E3103FD002BF095 /* STMusicModel */ = {
			isa = PBXGroup;
			children = (
				9E8B07AD1E310432002BF095 /* STMusicModel.h */,
				9E8B07AE1E310432002BF095 /* STMusicModel.m */,
			);
			name = STMusicModel;
			sourceTree = "<group>";
		};
		9E8B07B41E310D51002BF095 /* STMusicLrcModel */ = {
			isa = PBXGroup;
			children = (
				9E8B07B51E310D76002BF095 /* STMusicLrcModel.h */,
				9E8B07B61E310D76002BF095 /* STMusicLrcModel.m */,
			);
			name = STMusicLrcModel;
			sourceTree = "<group>";
		};
		9E8B07B81E31104A002BF095 /* STLrcLab */ = {
			isa = PBXGroup;
			children = (
				9E8B07B91E311062002BF095 /* STLrcLab.h */,
				9E8B07BA1E311062002BF095 /* STLrcLab.m */,
			);
			name = STLrcLab;
			sourceTree = "<group>";
		};
		9E8B07BC1E3110A5002BF095 /* STDoubleLRCLabShowView */ = {
			isa = PBXGroup;
			children = (
				9E8B07BD1E3110C0002BF095 /* STDoubleLRCLabShowView.h */,
				9E8B07BE1E3110C0002BF095 /* STDoubleLRCLabShowView.m */,
				9E8B07BF1E3110C0002BF095 /* STDoubleLRCLabShowView.xib */,
			);
			name = STDoubleLRCLabShowView;
			sourceTree = "<group>";
		};
		9E8B080E1E31182D002BF095 /* STMusicSELogicViewC */ = {
			isa = PBXGroup;
			children = (
				9E8B080F1E311847002BF095 /* STMusicSELogicViewC.h */,
				9E8B08101E311847002BF095 /* STMusicSELogicViewC.m */,
				9E8B08111E311847002BF095 /* STMusicSELogicViewC.xib */,
			);
			name = STMusicSELogicViewC;
			sourceTree = "<group>";
		};
		9E8B08231E311AA3002BF095 /* STMusicSESliderView */ = {
			isa = PBXGroup;
			children = (
				9E8B08241E311ABD002BF095 /* STMusicSESliderView.h */,
				9E8B08251E311ABD002BF095 /* STMusicSESliderView.m */,
				9E8B08271E311AD1002BF095 /* STMusicSESliderView.xib */,
			);
			name = STMusicSESliderView;
			sourceTree = "<group>";
		};
		9E8B08291E311ADD002BF095 /* STMusicSEPitchView */ = {
			isa = PBXGroup;
			children = (
				9E8B082A1E311AF5002BF095 /* STMusicSEPitchView.h */,
				9E8B082B1E311AF5002BF095 /* STMusicSEPitchView.m */,
				9E8B082D1E311AFE002BF095 /* STMusicSEPitchView.xib */,
			);
			name = STMusicSEPitchView;
			sourceTree = "<group>";
		};
		9E8B082F1E311B20002BF095 /* STMusicSEEffectTypeView */ = {
			isa = PBXGroup;
			children = (
				9E8B08301E311B36002BF095 /* STMusicSEEffectTypeView.h */,
				9E8B08311E311B36002BF095 /* STMusicSEEffectTypeView.m */,
				9E8B08331E311B40002BF095 /* STMusicSEEffectTypeView.xib */,
			);
			name = STMusicSEEffectTypeView;
			sourceTree = "<group>";
		};
		9E8B08351E311B51002BF095 /* STMusicSENavView */ = {
			isa = PBXGroup;
			children = (
				9E8B08361E311B5D002BF095 /* STMusicSENavView.h */,
				9E8B08371E311B5D002BF095 /* STMusicSENavView.m */,
				9E8B08391E311B6C002BF095 /* STMusicSENavView.xib */,
			);
			name = STMusicSENavView;
			sourceTree = "<group>";
		};
		9EBF200C1E0D12A500C5A0B3 = {
			isa = PBXGroup;
			children = (
				9EBF20171E0D12A500C5A0B3 /* SuperPoweredAudioMusicPlay */,
				9EBF20311E0D12A500C5A0B3 /* SuperPoweredAudioMusicPlayTests */,
				9EBF203C1E0D12A500C5A0B3 /* SuperPoweredAudioMusicPlayUITests */,
				9EBF20161E0D12A500C5A0B3 /* Products */,
				9E733E5C1E0D43C100783B06 /* Frameworks */,
				86F00E7EAC8E58504AA8B391 /* Pods */,
			);
			sourceTree = "<group>";
		};
		9EBF20161E0D12A500C5A0B3 /* Products */ = {
			isa = PBXGroup;
			children = (
				9EBF20151E0D12A500C5A0B3 /* SuperPoweredAudioMusicPlay.app */,
				9EBF202E1E0D12A500C5A0B3 /* SuperPoweredAudioMusicPlayTests.xctest */,
				9EBF20391E0D12A500C5A0B3 /* SuperPoweredAudioMusicPlayUITests.xctest */,
			);
			name = Products;
			sourceTree = "<group>";
		};
		9EBF20171E0D12A500C5A0B3 /* SuperPoweredAudioMusicPlay */ = {
			isa = PBXGroup;
			children = (
				9EBF201B1E0D12A500C5A0B3 /* AppDelegate.h */,
				9EBF201C1E0D12A500C5A0B3 /* AppDelegate.m */,
				9EBF201E1E0D12A500C5A0B3 /* ViewController.h */,
				9EBF201F1E0D12A500C5A0B3 /* ViewController.m */,
				9E881F951E3329FC00852853 /* STCommon */,
				9E69EA511E2FB7D500697891 /* STMusic */,
				9E1109D81E1A4B7A00D52F25 /* Resources */,
				9EBF20211E0D12A500C5A0B3 /* Main.storyboard */,
				9EBF20241E0D12A500C5A0B3 /* Assets.xcassets */,
				9EBF20261E0D12A500C5A0B3 /* LaunchScreen.storyboard */,
				9EBF20291E0D12A500C5A0B3 /* Info.plist */,
				9EBF20181E0D12A500C5A0B3 /* Supporting Files */,
			);
			path = SuperPoweredAudioMusicPlay;
			sourceTree = "<group>";
		};
		9EBF20181E0D12A500C5A0B3 /* Supporting Files */ = {
			isa = PBXGroup;
			children = (
				9EBF20191E0D12A500C5A0B3 /* main.m */,
			);
			name = "Supporting Files";
			sourceTree = "<group>";
		};
		9EBF20311E0D12A500C5A0B3 /* SuperPoweredAudioMusicPlayTests */ = {
			isa = PBXGroup;
			children = (
				9EBF20321E0D12A500C5A0B3 /* SuperPoweredAudioMusicPlayTests.m */,
				9EBF20341E0D12A500C5A0B3 /* Info.plist */,
			);
			path = SuperPoweredAudioMusicPlayTests;
			sourceTree = "<group>";
		};
		9EBF203C1E0D12A500C5A0B3 /* SuperPoweredAudioMusicPlayUITests */ = {
			isa = PBXGroup;
			children = (
				9EBF203D1E0D12A500C5A0B3 /* SuperPoweredAudioMusicPlayUITests.m */,
				9EBF203F1E0D12A500C5A0B3 /* Info.plist */,
			);
			path = SuperPoweredAudioMusicPlayUITests;
			sourceTree = "<group>";
		};
/* End PBXGroup section */

/* Begin PBXNativeTarget section */
		9EBF20141E0D12A500C5A0B3 /* SuperPoweredAudioMusicPlay */ = {
			isa = PBXNativeTarget;
			buildConfigurationList = 9EBF20421E0D12A500C5A0B3 /* Build configuration list for PBXNativeTarget "SuperPoweredAudioMusicPlay" */;
			buildPhases = (
				28026CAE73B33065EEBC96E5 /* [CP] Check Pods Manifest.lock */,
				9EBF20111E0D12A500C5A0B3 /* Sources */,
				9EBF20121E0D12A500C5A0B3 /* Frameworks */,
				9EBF20131E0D12A500C5A0B3 /* Resources */,
				52A958399394D198CB70E980 /* [CP] Embed Pods Frameworks */,
				6C92F239DC7E7F8C0B3D0D13 /* [CP] Copy Pods Resources */,
			);
			buildRules = (
			);
			dependencies = (
			);
			name = SuperPoweredAudioMusicPlay;
			productName = SuperPoweredAudioMusicPlay;
			productReference = 9EBF20151E0D12A500C5A0B3 /* SuperPoweredAudioMusicPlay.app */;
			productType = "com.apple.product-type.application";
		};
		9EBF202D1E0D12A500C5A0B3 /* SuperPoweredAudioMusicPlayTests */ = {
			isa = PBXNativeTarget;
			buildConfigurationList = 9EBF20451E0D12A500C5A0B3 /* Build configuration list for PBXNativeTarget "SuperPoweredAudioMusicPlayTests" */;
			buildPhases = (
				9EBF202A1E0D12A500C5A0B3 /* Sources */,
				9EBF202B1E0D12A500C5A0B3 /* Frameworks */,
				9EBF202C1E0D12A500C5A0B3 /* Resources */,
			);
			buildRules = (
			);
			dependencies = (
				9EBF20301E0D12A500C5A0B3 /* PBXTargetDependency */,
			);
			name = SuperPoweredAudioMusicPlayTests;
			productName = SuperPoweredAudioMusicPlayTests;
			productReference = 9EBF202E1E0D12A500C5A0B3 /* SuperPoweredAudioMusicPlayTests.xctest */;
			productType = "com.apple.product-type.bundle.unit-test";
		};
		9EBF20381E0D12A500C5A0B3 /* SuperPoweredAudioMusicPlayUITests */ = {
			isa = PBXNativeTarget;
			buildConfigurationList = 9EBF20481E0D12A500C5A0B3 /* Build configuration list for PBXNativeTarget "SuperPoweredAudioMusicPlayUITests" */;
			buildPhases = (
				9EBF20351E0D12A500C5A0B3 /* Sources */,
				9EBF20361E0D12A500C5A0B3 /* Frameworks */,
				9EBF20371E0D12A500C5A0B3 /* Resources */,
			);
			buildRules = (
			);
			dependencies = (
				9EBF203B1E0D12A500C5A0B3 /* PBXTargetDependency */,
			);
			name = SuperPoweredAudioMusicPlayUITests;
			productName = SuperPoweredAudioMusicPlayUITests;
			productReference = 9EBF20391E0D12A500C5A0B3 /* SuperPoweredAudioMusicPlayUITests.xctest */;
			productType = "com.apple.product-type.bundle.ui-testing";
		};
/* End PBXNativeTarget section */

/* Begin PBXProject section */
		9EBF200D1E0D12A500C5A0B3 /* Project object */ = {
			isa = PBXProject;
			attributes = {
				LastUpgradeCheck = 0820;
				ORGANIZATIONNAME = "岳克奎";
				TargetAttributes = {
					9EBF20141E0D12A500C5A0B3 = {
						CreatedOnToolsVersion = 8.2.1;
						DevelopmentTeam = BKME25WU4F;
						ProvisioningStyle = Automatic;
					};
					9EBF202D1E0D12A500C5A0B3 = {
						CreatedOnToolsVersion = 8.2.1;
						DevelopmentTeam = BKME25WU4F;
						ProvisioningStyle = Automatic;
						TestTargetID = 9EBF20141E0D12A500C5A0B3;
					};
					9EBF20381E0D12A500C5A0B3 = {
						CreatedOnToolsVersion = 8.2.1;
						DevelopmentTeam = BKME25WU4F;
						ProvisioningStyle = Automatic;
						TestTargetID = 9EBF20141E0D12A500C5A0B3;
					};
				};
			};
			buildConfigurationList = 9EBF20101E0D12A500C5A0B3 /* Build configuration list for PBXProject "SuperPoweredAudioMusicPlay" */;
			compatibilityVersion = "Xcode 3.2";
			developmentRegion = English;
			hasScannedForEncodings = 0;
			knownRegions = (
				en,
				Base,
			);
			mainGroup = 9EBF200C1E0D12A500C5A0B3;
			productRefGroup = 9EBF20161E0D12A500C5A0B3 /* Products */;
			projectDirPath = "";
			projectRoot = "";
			targets = (
				9EBF20141E0D12A500C5A0B3 /* SuperPoweredAudioMusicPlay */,
				9EBF202D1E0D12A500C5A0B3 /* SuperPoweredAudioMusicPlayTests */,
				9EBF20381E0D12A500C5A0B3 /* SuperPoweredAudioMusicPlayUITests */,
			);
		};
/* End PBXProject section */

/* Begin PBXResourcesBuildPhase section */
		9EBF20131E0D12A500C5A0B3 /* Resources */ = {
			isa = PBXResourcesBuildPhase;
			buildActionMask = 2147483647;
			files = (
				9E8B083A1E311B6C002BF095 /* STMusicSENavView.xib in Resources */,
				9E8B08131E311847002BF095 /* STMusicSELogicViewC.xib in Resources */,
				9E8B081D1E3118DB002BF095 /* STCMusicSEViewC.xib in Resources */,
				9E8B07D11E311289002BF095 /* STMusicBaseViewC.xib in Resources */,
				9EBF20281E0D12A500C5A0B3 /* LaunchScreen.storyboard in Resources */,
				9E8B07E51E31141C002BF095 /* STMusicLogicViewC.xib in Resources */,
				9E8B07F91E3114B8002BF095 /* STYunMusicUIViewC.xib in Resources */,
				9E8B07E01E3113F5002BF095 /* STMusicLogicBaseViewC.xib in Resources */,
				9E8B080D1E31180E002BF095 /* STMusicSELogicBaseViewC.xib in Resources */,
				9E8B082E1E311AFE002BF095 /* STMusicSEPitchView.xib in Resources */,
				9E8B08081E3116C2002BF095 /* STCMusicSEUIViewC.xib in Resources */,
				9E8B07C11E3110C0002BF095 /* STDoubleLRCLabShowView.xib in Resources */,
				9E1109D71E1A4B6B00D52F25 /* 王菲传奇.mp3 in Resources */,
				9EBF20251E0D12A500C5A0B3 /* Assets.xcassets in Resources */,
				9E8B08181E3118B4002BF095 /* STMusicSEBaseViewC.xib in Resources */,
				9E8B08341E311B40002BF095 /* STMusicSEEffectTypeView.xib in Resources */,
				9E8B08031E31168D002BF095 /* STYunMusicSEUIViewC.xib in Resources */,
				9E8B08281E311AD1002BF095 /* STMusicSESliderView.xib in Resources */,
				9E8B07F41E3114A4002BF095 /* STCMusicUIViewC.xib in Resources */,
				9E8B07D61E3112BE002BF095 /* STCMusicViewC.xib in Resources */,
				9E8B08221E3118EA002BF095 /* STYunMusicSEViewC.xib in Resources */,
				9E8B07FE1E3115F9002BF095 /* STMusicSEBaseUIViewC.xib in Resources */,
				9E8B07DB1E3112D0002BF095 /* STYunMusicViewC.xib in Resources */,
				9E8B07EA1E311445002BF095 /* STMusicUIBaseViewC.xib in Resources */,
				9EBF20231E0D12A500C5A0B3 /* Main.storyboard in Resources */,
			);
			runOnlyForDeploymentPostprocessing = 0;
		};
		9EBF202C1E0D12A500C5A0B3 /* Resources */ = {
			isa = PBXResourcesBuildPhase;
			buildActionMask = 2147483647;
			files = (
			);
			runOnlyForDeploymentPostprocessing = 0;
		};
		9EBF20371E0D12A500C5A0B3 /* Resources */ = {
			isa = PBXResourcesBuildPhase;
			buildActionMask = 2147483647;
			files = (
			);
			runOnlyForDeploymentPostprocessing = 0;
		};
/* End PBXResourcesBuildPhase section */

/* Begin PBXShellScriptBuildPhase section */
		28026CAE73B33065EEBC96E5 /* [CP] Check Pods Manifest.lock */ = {
			isa = PBXShellScriptBuildPhase;
			buildActionMask = 2147483647;
			files = (
			);
			inputPaths = (
			);
			name = "[CP] Check Pods Manifest.lock";
			outputPaths = (
			);
			runOnlyForDeploymentPostprocessing = 0;
			shellPath = /bin/sh;
			shellScript = "diff \"${PODS_ROOT}/../Podfile.lock\" \"${PODS_ROOT}/Manifest.lock\" > /dev/null\nif [ $? != 0 ] ; then\n    # print error to STDERR\n    echo \"error: The sandbox is not in sync with the Podfile.lock. Run 'pod install' or update your CocoaPods installation.\" >&2\n    exit 1\nfi\n";
			showEnvVarsInLog = 0;
		};
		52A958399394D198CB70E980 /* [CP] Embed Pods Frameworks */ = {
			isa = PBXShellScriptBuildPhase;
			buildActionMask = 2147483647;
			files = (
			);
			inputPaths = (
			);
			name = "[CP] Embed Pods Frameworks";
			outputPaths = (
			);
			runOnlyForDeploymentPostprocessing = 0;
			shellPath = /bin/sh;
			shellScript = "\"${SRCROOT}/Pods/Target Support Files/Pods-SuperPoweredAudioMusicPlay/Pods-SuperPoweredAudioMusicPlay-frameworks.sh\"\n";
			showEnvVarsInLog = 0;
		};
		6C92F239DC7E7F8C0B3D0D13 /* [CP] Copy Pods Resources */ = {
			isa = PBXShellScriptBuildPhase;
			buildActionMask = 2147483647;
			files = (
			);
			inputPaths = (
			);
			name = "[CP] Copy Pods Resources";
			outputPaths = (
			);
			runOnlyForDeploymentPostprocessing = 0;
			shellPath = /bin/sh;
			shellScript = "\"${SRCROOT}/Pods/Target Support Files/Pods-SuperPoweredAudioMusicPlay/Pods-SuperPoweredAudioMusicPlay-resources.sh\"\n";
			showEnvVarsInLog = 0;
		};
/* End PBXShellScriptBuildPhase section */

/* Begin PBXSourcesBuildPhase section */
		9EBF20111E0D12A500C5A0B3 /* Sources */ = {
			isa = PBXSourcesBuildPhase;
			buildActionMask = 2147483647;
			files = (
				9E8B07B31E310CF2002BF095 /* STMusicDataCenterManager.m in Sources */,
				9E8B07AF1E310432002BF095 /* STMusicModel.m in Sources */,
				9E8B08321E311B36002BF095 /* STMusicSEEffectTypeView.m in Sources */,
				9E8B07DA1E3112D0002BF095 /* STYunMusicViewC.m in Sources */,
				9EBF20201E0D12A500C5A0B3 /* ViewController.m in Sources */,
				9E8B08021E31168D002BF095 /* STYunMusicSEUIViewC.m in Sources */,
				9E8B080C1E31180E002BF095 /* STMusicSELogicBaseViewC.m in Sources */,
				9E8B082C1E311AF5002BF095 /* STMusicSEPitchView.m in Sources */,
				9E8B08121E311847002BF095 /* STMusicSELogicViewC.m in Sources */,
				9EBF201D1E0D12A500C5A0B3 /* AppDelegate.m in Sources */,
				9E8B08211E3118EA002BF095 /* STYunMusicSEViewC.m in Sources */,
				9E8B08171E3118B4002BF095 /* STMusicSEBaseViewC.m in Sources */,
				9EBF201A1E0D12A500C5A0B3 /* main.m in Sources */,
				9E8B07F81E3114B8002BF095 /* STYunMusicUIViewC.m in Sources */,
				9E8B07C01E3110C0002BF095 /* STDoubleLRCLabShowView.m in Sources */,
				9E733E591E0D1C1E00783B06 /* SuperpoweredIOSAudioIO.mm in Sources */,
				9E8B07FD1E3115F9002BF095 /* STMusicSEBaseUIViewC.m in Sources */,
				9E8B07B71E310D76002BF095 /* STMusicLrcModel.m in Sources */,
				9E8B081C1E3118DB002BF095 /* STCMusicSEViewC.m in Sources */,
				9E8B07BB1E311062002BF095 /* STLrcLab.m in Sources */,
				9E8B07F31E3114A4002BF095 /* STCMusicUIViewC.m in Sources */,
				9E8B07D01E311289002BF095 /* STMusicBaseViewC.m in Sources */,
				9E8B07DF1E3113F5002BF095 /* STMusicLogicBaseViewC.m in Sources */,
				9E8B08071E3116C2002BF095 /* STCMusicSEUIViewC.m in Sources */,
				9E8B07E41E31141C002BF095 /* STMusicLogicViewC.m in Sources */,
				9E8B08381E311B5D002BF095 /* STMusicSENavView.m in Sources */,
				9E8B07A91E3103B3002BF095 /* STMusicCenterManager.m in Sources */,
				9E8B08261E311ABD002BF095 /* STMusicSESliderView.m in Sources */,
				9E8B07E91E311445002BF095 /* STMusicUIBaseViewC.m in Sources */,
				9E8B07D51E3112BE002BF095 /* STCMusicViewC.m in Sources */,
			);
			runOnlyForDeploymentPostprocessing = 0;
		};
		9EBF202A1E0D12A500C5A0B3 /* Sources */ = {
			isa = PBXSourcesBuildPhase;
			buildActionMask = 2147483647;
			files = (
				9EBF20331E0D12A500C5A0B3 /* SuperPoweredAudioMusicPlayTests.m in Sources */,
			);
			runOnlyForDeploymentPostprocessing = 0;
		};
		9EBF20351E0D12A500C5A0B3 /* Sources */ = {
			isa = PBXSourcesBuildPhase;
			buildActionMask = 2147483647;
			files = (
				9EBF203E1E0D12A500C5A0B3 /* SuperPoweredAudioMusicPlayUITests.m in Sources */,
			);
			runOnlyForDeploymentPostprocessing = 0;
		};
/* End PBXSourcesBuildPhase section */

/* Begin PBXTargetDependency section */
		9EBF20301E0D12A500C5A0B3 /* PBXTargetDependency */ = {
			isa = PBXTargetDependency;
			target = 9EBF20141E0D12A500C5A0B3 /* SuperPoweredAudioMusicPlay */;
			targetProxy = 9EBF202F1E0D12A500C5A0B3 /* PBXContainerItemProxy */;
		};
		9EBF203B1E0D12A500C5A0B3 /* PBXTargetDependency */ = {
			isa = PBXTargetDependency;
			target = 9EBF20141E0D12A500C5A0B3 /* SuperPoweredAudioMusicPlay */;
			targetProxy = 9EBF203A1E0D12A500C5A0B3 /* PBXContainerItemProxy */;
		};
/* End PBXTargetDependency section */

/* Begin PBXVariantGroup section */
		9EBF20211E0D12A500C5A0B3 /* Main.storyboard */ = {
			isa = PBXVariantGroup;
			children = (
				9EBF20221E0D12A500C5A0B3 /* Base */,
			);
			name = Main.storyboard;
			sourceTree = "<group>";
		};
		9EBF20261E0D12A500C5A0B3 /* LaunchScreen.storyboard */ = {
			isa = PBXVariantGroup;
			children = (
				9EBF20271E0D12A500C5A0B3 /* Base */,
			);
			name = LaunchScreen.storyboard;
			sourceTree = "<group>";
		};
/* End PBXVariantGroup section */

/* Begin XCBuildConfiguration section */
		9EBF20401E0D12A500C5A0B3 /* Debug */ = {
			isa = XCBuildConfiguration;
			buildSettings = {
				ALWAYS_SEARCH_USER_PATHS = NO;
				CLANG_ANALYZER_NONNULL = YES;
				CLANG_CXX_LANGUAGE_STANDARD = "gnu++0x";
				CLANG_CXX_LIBRARY = "libc++";
				CLANG_ENABLE_MODULES = YES;
				CLANG_ENABLE_OBJC_ARC = YES;
				CLANG_WARN_BOOL_CONVERSION = YES;
				CLANG_WARN_CONSTANT_CONVERSION = YES;
				CLANG_WARN_DIRECT_OBJC_ISA_USAGE = YES_ERROR;
				CLANG_WARN_DOCUMENTATION_COMMENTS = YES;
				CLANG_WARN_EMPTY_BODY = YES;
				CLANG_WARN_ENUM_CONVERSION = YES;
				CLANG_WARN_INFINITE_RECURSION = YES;
				CLANG_WARN_INT_CONVERSION = YES;
				CLANG_WARN_OBJC_ROOT_CLASS = YES_ERROR;
				CLANG_WARN_SUSPICIOUS_MOVE = YES;
				CLANG_WARN_UNREACHABLE_CODE = YES;
				CLANG_WARN__DUPLICATE_METHOD_MATCH = YES;
				"CODE_SIGN_IDENTITY[sdk=iphoneos*]" = "iPhone Developer";
				COPY_PHASE_STRIP = NO;
				DEBUG_INFORMATION_FORMAT = dwarf;
				ENABLE_STRICT_OBJC_MSGSEND = YES;
				ENABLE_TESTABILITY = YES;
				GCC_C_LANGUAGE_STANDARD = gnu99;
				GCC_DYNAMIC_NO_PIC = NO;
				GCC_NO_COMMON_BLOCKS = YES;
				GCC_OPTIMIZATION_LEVEL = 0;
				GCC_PREPROCESSOR_DEFINITIONS = (
					"DEBUG=1",
					"$(inherited)",
				);
				GCC_WARN_64_TO_32_BIT_CONVERSION = YES;
				GCC_WARN_ABOUT_RETURN_TYPE = YES_ERROR;
				GCC_WARN_UNDECLARED_SELECTOR = YES;
				GCC_WARN_UNINITIALIZED_AUTOS = YES_AGGRESSIVE;
				GCC_WARN_UNUSED_FUNCTION = YES;
				GCC_WARN_UNUSED_VARIABLE = YES;
				IPHONEOS_DEPLOYMENT_TARGET = 10.2;
				MTL_ENABLE_DEBUG_INFO = YES;
				ONLY_ACTIVE_ARCH = YES;
				SDKROOT = iphoneos;
			};
			name = Debug;
		};
		9EBF20411E0D12A500C5A0B3 /* Release */ = {
			isa = XCBuildConfiguration;
			buildSettings = {
				ALWAYS_SEARCH_USER_PATHS = NO;
				CLANG_ANALYZER_NONNULL = YES;
				CLANG_CXX_LANGUAGE_STANDARD = "gnu++0x";
				CLANG_CXX_LIBRARY = "libc++";
				CLANG_ENABLE_MODULES = YES;
				CLANG_ENABLE_OBJC_ARC = YES;
				CLANG_WARN_BOOL_CONVERSION = YES;
				CLANG_WARN_CONSTANT_CONVERSION = YES;
				CLANG_WARN_DIRECT_OBJC_ISA_USAGE = YES_ERROR;
				CLANG_WARN_DOCUMENTATION_COMMENTS = YES;
				CLANG_WARN_EMPTY_BODY = YES;
				CLANG_WARN_ENUM_CONVERSION = YES;
				CLANG_WARN_INFINITE_RECURSION = YES;
				CLANG_WARN_INT_CONVERSION = YES;
				CLANG_WARN_OBJC_ROOT_CLASS = YES_ERROR;
				CLANG_WARN_SUSPICIOUS_MOVE = YES;
				CLANG_WARN_UNREACHABLE_CODE = YES;
				CLANG_WARN__DUPLICATE_METHOD_MATCH = YES;
				"CODE_SIGN_IDENTITY[sdk=iphoneos*]" = "iPhone Developer";
				COPY_PHASE_STRIP = NO;
				DEBUG_INFORMATION_FORMAT = "dwarf-with-dsym";
				ENABLE_NS_ASSERTIONS = NO;
				ENABLE_STRICT_OBJC_MSGSEND = YES;
				GCC_C_LANGUAGE_STANDARD = gnu99;
				GCC_NO_COMMON_BLOCKS = YES;
				GCC_WARN_64_TO_32_BIT_CONVERSION = YES;
				GCC_WARN_ABOUT_RETURN_TYPE = YES_ERROR;
				GCC_WARN_UNDECLARED_SELECTOR = YES;
				GCC_WARN_UNINITIALIZED_AUTOS = YES_AGGRESSIVE;
				GCC_WARN_UNUSED_FUNCTION = YES;
				GCC_WARN_UNUSED_VARIABLE = YES;
				IPHONEOS_DEPLOYMENT_TARGET = 10.2;
				MTL_ENABLE_DEBUG_INFO = NO;
				SDKROOT = iphoneos;
				VALIDATE_PRODUCT = YES;
			};
			name = Release;
		};
		9EBF20431E0D12A500C5A0B3 /* Debug */ = {
			isa = XCBuildConfiguration;
			baseConfigurationReference = BEFD2E734CA2D4644D6E5CB3 /* Pods-SuperPoweredAudioMusicPlay.debug.xcconfig */;
			buildSettings = {
				ASSETCATALOG_COMPILER_APPICON_NAME = AppIcon;
				"CODE_SIGN_IDENTITY[sdk=iphoneos*]" = "iPhone Developer";
				DEVELOPMENT_TEAM = BKME25WU4F;
				GCC_PREFIX_HEADER = "$(SRCROOT)/SuperPoweredAudioMusicPlay/STMusicPrefixHeader.pch";
				INFOPLIST_FILE = SuperPoweredAudioMusicPlay/Info.plist;
				IPHONEOS_DEPLOYMENT_TARGET = 8.0;
				LD_RUNPATH_SEARCH_PATHS = "$(inherited) @executable_path/Frameworks";
				LIBRARY_SEARCH_PATHS = (
					"$(inherited)",
					"$(PROJECT_DIR)/SuperPoweredAudioMusicPlay/C++PlayerLib",
				);
				PRODUCT_BUNDLE_IDENTIFIER = QQ738816656.SuperPoweredAudioMusicPlay;
				PRODUCT_NAME = "$(TARGET_NAME)";
			};
			name = Debug;
		};
		9EBF20441E0D12A500C5A0B3 /* Release */ = {
			isa = XCBuildConfiguration;
			baseConfigurationReference = A5F45A65CD83C3A392B3A3A7 /* Pods-SuperPoweredAudioMusicPlay.release.xcconfig */;
			buildSettings = {
				ASSETCATALOG_COMPILER_APPICON_NAME = AppIcon;
				"CODE_SIGN_IDENTITY[sdk=iphoneos*]" = "iPhone Developer";
				DEVELOPMENT_TEAM = BKME25WU4F;
				GCC_PREFIX_HEADER = "$(SRCROOT)/SuperPoweredAudioMusicPlay/STMusicPrefixHeader.pch";
				INFOPLIST_FILE = SuperPoweredAudioMusicPlay/Info.plist;
				IPHONEOS_DEPLOYMENT_TARGET = 8.0;
				LD_RUNPATH_SEARCH_PATHS = "$(inherited) @executable_path/Frameworks";
				LIBRARY_SEARCH_PATHS = (
					"$(inherited)",
					"$(PROJECT_DIR)/SuperPoweredAudioMusicPlay/C++PlayerLib",
				);
				PRODUCT_BUNDLE_IDENTIFIER = QQ738816656.SuperPoweredAudioMusicPlay;
				PRODUCT_NAME = "$(TARGET_NAME)";
			};
			name = Release;
		};
		9EBF20461E0D12A500C5A0B3 /* Debug */ = {
			isa = XCBuildConfiguration;
			buildSettings = {
				BUNDLE_LOADER = "$(TEST_HOST)";
				DEVELOPMENT_TEAM = BKME25WU4F;
				INFOPLIST_FILE = SuperPoweredAudioMusicPlayTests/Info.plist;
				LD_RUNPATH_SEARCH_PATHS = "$(inherited) @executable_path/Frameworks @loader_path/Frameworks";
				PRODUCT_BUNDLE_IDENTIFIER = QQ738816656.SuperPoweredAudioMusicPlayTests;
				PRODUCT_NAME = "$(TARGET_NAME)";
				TEST_HOST = "$(BUILT_PRODUCTS_DIR)/SuperPoweredAudioMusicPlay.app/SuperPoweredAudioMusicPlay";
			};
			name = Debug;
		};
		9EBF20471E0D12A500C5A0B3 /* Release */ = {
			isa = XCBuildConfiguration;
			buildSettings = {
				BUNDLE_LOADER = "$(TEST_HOST)";
				DEVELOPMENT_TEAM = BKME25WU4F;
				INFOPLIST_FILE = SuperPoweredAudioMusicPlayTests/Info.plist;
				LD_RUNPATH_SEARCH_PATHS = "$(inherited) @executable_path/Frameworks @loader_path/Frameworks";
				PRODUCT_BUNDLE_IDENTIFIER = QQ738816656.SuperPoweredAudioMusicPlayTests;
				PRODUCT_NAME = "$(TARGET_NAME)";
				TEST_HOST = "$(BUILT_PRODUCTS_DIR)/SuperPoweredAudioMusicPlay.app/SuperPoweredAudioMusicPlay";
			};
			name = Release;
		};
		9EBF20491E0D12A500C5A0B3 /* Debug */ = {
			isa = XCBuildConfiguration;
			buildSettings = {
				DEVELOPMENT_TEAM = BKME25WU4F;
				INFOPLIST_FILE = SuperPoweredAudioMusicPlayUITests/Info.plist;
				LD_RUNPATH_SEARCH_PATHS = "$(inherited) @executable_path/Frameworks @loader_path/Frameworks";
				PRODUCT_BUNDLE_IDENTIFIER = QQ738816656.SuperPoweredAudioMusicPlayUITests;
				PRODUCT_NAME = "$(TARGET_NAME)";
				TEST_TARGET_NAME = SuperPoweredAudioMusicPlay;
			};
			name = Debug;
		};
		9EBF204A1E0D12A500C5A0B3 /* Release */ = {
			isa = XCBuildConfiguration;
			buildSettings = {
				DEVELOPMENT_TEAM = BKME25WU4F;
				INFOPLIST_FILE = SuperPoweredAudioMusicPlayUITests/Info.plist;
				LD_RUNPATH_SEARCH_PATHS = "$(inherited) @executable_path/Frameworks @loader_path/Frameworks";
				PRODUCT_BUNDLE_IDENTIFIER = QQ738816656.SuperPoweredAudioMusicPlayUITests;
				PRODUCT_NAME = "$(TARGET_NAME)";
				TEST_TARGET_NAME = SuperPoweredAudioMusicPlay;
			};
			name = Release;
		};
/* End XCBuildConfiguration section */

/* Begin XCConfigurationList section */
		9EBF20101E0D12A500C5A0B3 /* Build configuration list for PBXProject "SuperPoweredAudioMusicPlay" */ = {
			isa = XCConfigurationList;
			buildConfigurations = (
				9EBF20401E0D12A500C5A0B3 /* Debug */,
				9EBF20411E0D12A500C5A0B3 /* Release */,
			);
			defaultConfigurationIsVisible = 0;
			defaultConfigurationName = Release;
		};
		9EBF20421E0D12A500C5A0B3 /* Build configuration list for PBXNativeTarget "SuperPoweredAudioMusicPlay" */ = {
			isa = XCConfigurationList;
			buildConfigurations = (
				9EBF20431E0D12A500C5A0B3 /* Debug */,
				9EBF20441E0D12A500C5A0B3 /* Release */,
			);
			defaultConfigurationIsVisible = 0;
			defaultConfigurationName = Release;
		};
		9EBF20451E0D12A500C5A0B3 /* Build configuration list for PBXNativeTarget "SuperPoweredAudioMusicPlayTests" */ = {
			isa = XCConfigurationList;
			buildConfigurations = (
				9EBF20461E0D12A500C5A0B3 /* Debug */,
				9EBF20471E0D12A500C5A0B3 /* Release */,
			);
			defaultConfigurationIsVisible = 0;
			defaultConfigurationName = Release;
		};
		9EBF20481E0D12A500C5A0B3 /* Build configuration list for PBXNativeTarget "SuperPoweredAudioMusicPlayUITests" */ = {
			isa = XCConfigurationList;
			buildConfigurations = (
				9EBF20491E0D12A500C5A0B3 /* Debug */,
				9EBF204A1E0D12A500C5A0B3 /* Release */,
			);
			defaultConfigurationIsVisible = 0;
			defaultConfigurationName = Release;
		};
/* End XCConfigurationList section */
	};
	rootObject = 9EBF200D1E0D12A500C5A0B3 /* Project object */;
}
