// !$*UTF8*$!
{
	archiveVersion = 1;
	classes = {
	};
	objectVersion = 46;
	objects = {

/* Begin PBXBuildFile section */
		74890BB5AAF1ABA3B9574C51 /* libPods.a in Frameworks */ = {isa = PBXBuildFile; fileRef = 13EE40B7770266BE2D80F343 /* libPods.a */; };
		9E733E581E0D1C1E00783B06 /* libSuperpoweredAudioIOS.a in Frameworks */ = {isa = PBXBuildFile; fileRef = 9E733E4B1E0D1C1E00783B06 /* libSuperpoweredAudioIOS.a */; };
		9E733E591E0D1C1E00783B06 /* SuperpoweredIOSAudioIO.mm in Sources */ = {isa = PBXBuildFile; fileRef = 9E733E541E0D1C1E00783B06 /* SuperpoweredIOSAudioIO.mm */; };
		9E733E5E1E0D43C100783B06 /* CoreMedia.framework in Frameworks */ = {isa = PBXBuildFile; fileRef = 9E733E5D1E0D43C100783B06 /* CoreMedia.framework */; };
		9E733E601E0D43CF00783B06 /* AudioToolbox.framework in Frameworks */ = {isa = PBXBuildFile; fileRef = 9E733E5F1E0D43CF00783B06 /* AudioToolbox.framework */; };
		9E733E621E0D43D900783B06 /* Accelerate.framework in Frameworks */ = {isa = PBXBuildFile; fileRef = 9E733E611E0D43D900783B06 /* Accelerate.framework */; };
		9E733E641E0D43E100783B06 /* AVFoundation.framework in Frameworks */ = {isa = PBXBuildFile; fileRef = 9E733E631E0D43E100783B06 /* AVFoundation.framework */; };
		9E733E661E0D43ED00783B06 /* CoreGraphics.framework in Frameworks */ = {isa = PBXBuildFile; fileRef = 9E733E651E0D43ED00783B06 /* CoreGraphics.framework */; };
		9E733E681E0D43FA00783B06 /* Foundation.framework in Frameworks */ = {isa = PBXBuildFile; fileRef = 9E733E671E0D43FA00783B06 /* Foundation.framework */; };
		9E733E6A1E0D440400783B06 /* MediaPlayer.framework in Frameworks */ = {isa = PBXBuildFile; fileRef = 9E733E691E0D440400783B06 /* MediaPlayer.framework */; };
		9E733E6C1E0D440D00783B06 /* QuartzCore.framework in Frameworks */ = {isa = PBXBuildFile; fileRef = 9E733E6B1E0D440D00783B06 /* QuartzCore.framework */; };
		9E733E6E1E0D441600783B06 /* UIKit.framework in Frameworks */ = {isa = PBXBuildFile; fileRef = 9E733E6D1E0D441600783B06 /* UIKit.framework */; };
		9E733E731E0D4D0F00783B06 /* MusicSuperPlayer.mm in Sources */ = {isa = PBXBuildFile; fileRef = 9E733E721E0D4D0F00783B06 /* MusicSuperPlayer.mm */; };
		9E733E771E0D4DFA00783B06 /* AlertManager.m in Sources */ = {isa = PBXBuildFile; fileRef = 9E733E761E0D4DFA00783B06 /* AlertManager.m */; };
		9E733E961E0D533B00783B06 /* MusicPlayerPlayVC.m in Sources */ = {isa = PBXBuildFile; fileRef = 9E733E941E0D533B00783B06 /* MusicPlayerPlayVC.m */; };
		9E733E971E0D533B00783B06 /* MusicPlayerPlayVC.xib in Resources */ = {isa = PBXBuildFile; fileRef = 9E733E951E0D533B00783B06 /* MusicPlayerPlayVC.xib */; };
		9E733E9C1E0D538B00783B06 /* MusicPlayUIViewController.m in Sources */ = {isa = PBXBuildFile; fileRef = 9E733E9A1E0D538B00783B06 /* MusicPlayUIViewController.m */; };
		9E733E9D1E0D538B00783B06 /* MusicPlayUIViewController.xib in Resources */ = {isa = PBXBuildFile; fileRef = 9E733E9B1E0D538B00783B06 /* MusicPlayUIViewController.xib */; };
		9E733EA71E0D54D000783B06 /* MusicPlayLogicViewController.m in Sources */ = {isa = PBXBuildFile; fileRef = 9E733EA51E0D54D000783B06 /* MusicPlayLogicViewController.m */; };
		9E733EA81E0D54D000783B06 /* MusicPlayLogicViewController.xib in Resources */ = {isa = PBXBuildFile; fileRef = 9E733EA61E0D54D000783B06 /* MusicPlayLogicViewController.xib */; };
		9E733EC71E0D5CEA00783B06 /* SuperPlayerSoundEffectBtnsView.m in Sources */ = {isa = PBXBuildFile; fileRef = 9E733EB61E0D5CEA00783B06 /* SuperPlayerSoundEffectBtnsView.m */; };
		9E733EC81E0D5CEA00783B06 /* SuperPlayerSoundEffectBtnsView.xib in Resources */ = {isa = PBXBuildFile; fileRef = 9E733EB71E0D5CEA00783B06 /* SuperPlayerSoundEffectBtnsView.xib */; };
		9E733EC91E0D5CEA00783B06 /* SuperPlayerSoundEffectPitchView.m in Sources */ = {isa = PBXBuildFile; fileRef = 9E733EBA1E0D5CEA00783B06 /* SuperPlayerSoundEffectPitchView.m */; };
		9E733ECA1E0D5CEA00783B06 /* SuperPlayerSoundEffectPitchView.xib in Resources */ = {isa = PBXBuildFile; fileRef = 9E733EBB1E0D5CEA00783B06 /* SuperPlayerSoundEffectPitchView.xib */; };
		9E733ECB1E0D5CEA00783B06 /* SuperPlayerSoundEffectSliderView.m in Sources */ = {isa = PBXBuildFile; fileRef = 9E733EBE1E0D5CEA00783B06 /* SuperPlayerSoundEffectSliderView.m */; };
		9E733ECC1E0D5CEA00783B06 /* SuperPlayerSoundEffectSliderView.xib in Resources */ = {isa = PBXBuildFile; fileRef = 9E733EBF1E0D5CEA00783B06 /* SuperPlayerSoundEffectSliderView.xib */; };
		9E733ECD1E0D5CEA00783B06 /* SuperPlayerSoundEffectTitleView.m in Sources */ = {isa = PBXBuildFile; fileRef = 9E733EC21E0D5CEA00783B06 /* SuperPlayerSoundEffectTitleView.m */; };
		9E733ECE1E0D5CEA00783B06 /* SuperPlayerSoundEffectTitleView.xib in Resources */ = {isa = PBXBuildFile; fileRef = 9E733EC31E0D5CEA00783B06 /* SuperPlayerSoundEffectTitleView.xib */; };
		9E733ECF1E0D5CEA00783B06 /* SuperPlayerSoundEffectVC.m in Sources */ = {isa = PBXBuildFile; fileRef = 9E733EC51E0D5CEA00783B06 /* SuperPlayerSoundEffectVC.m */; };
		9E733ED01E0D5CEA00783B06 /* SuperPlayerSoundEffectVC.xib in Resources */ = {isa = PBXBuildFile; fileRef = 9E733EC61E0D5CEA00783B06 /* SuperPlayerSoundEffectVC.xib */; };
		9E733ED61E0D5F3000783B06 /* MusicCenterManager.m in Sources */ = {isa = PBXBuildFile; fileRef = 9E733ED51E0D5F3000783B06 /* MusicCenterManager.m */; };
		9E733EDA1E0D5F5700783B06 /* MusicDataManager.m in Sources */ = {isa = PBXBuildFile; fileRef = 9E733ED91E0D5F5700783B06 /* MusicDataManager.m */; };
		9EBF201A1E0D12A500C5A0B3 /* main.m in Sources */ = {isa = PBXBuildFile; fileRef = 9EBF20191E0D12A500C5A0B3 /* main.m */; };
		9EBF201D1E0D12A500C5A0B3 /* AppDelegate.m in Sources */ = {isa = PBXBuildFile; fileRef = 9EBF201C1E0D12A500C5A0B3 /* AppDelegate.m */; };
		9EBF20201E0D12A500C5A0B3 /* ViewController.m in Sources */ = {isa = PBXBuildFile; fileRef = 9EBF201F1E0D12A500C5A0B3 /* ViewController.m */; };
		9EBF20231E0D12A500C5A0B3 /* Main.storyboard in Resources */ = {isa = PBXBuildFile; fileRef = 9EBF20211E0D12A500C5A0B3 /* Main.storyboard */; };
		9EBF20251E0D12A500C5A0B3 /* Assets.xcassets in Resources */ = {isa = PBXBuildFile; fileRef = 9EBF20241E0D12A500C5A0B3 /* Assets.xcassets */; };
		9EBF20281E0D12A500C5A0B3 /* LaunchScreen.storyboard in Resources */ = {isa = PBXBuildFile; fileRef = 9EBF20261E0D12A500C5A0B3 /* LaunchScreen.storyboard */; };
		9EBF20331E0D12A500C5A0B3 /* SuperPoweredAudioMusicPlayTests.m in Sources */ = {isa = PBXBuildFile; fileRef = 9EBF20321E0D12A500C5A0B3 /* SuperPoweredAudioMusicPlayTests.m */; };
		9EBF203E1E0D12A500C5A0B3 /* SuperPoweredAudioMusicPlayUITests.m in Sources */ = {isa = PBXBuildFile; fileRef = 9EBF203D1E0D12A500C5A0B3 /* SuperPoweredAudioMusicPlayUITests.m */; };
/* End PBXBuildFile section */

/* Begin PBXContainerItemProxy section */
		9EBF202F1E0D12A500C5A0B3 /* PBXContainerItemProxy */ = {
			isa = PBXContainerItemProxy;
			containerPortal = 9EBF200D1E0D12A500C5A0B3 /* Project object */;
			proxyType = 1;
			remoteGlobalIDString = 9EBF20141E0D12A500C5A0B3;
			remoteInfo = SuperPoweredAudioMusicPlay;
		};
		9EBF203A1E0D12A500C5A0B3 /* PBXContainerItemProxy */ = {
			isa = PBXContainerItemProxy;
			containerPortal = 9EBF200D1E0D12A500C5A0B3 /* Project object */;
			proxyType = 1;
			remoteGlobalIDString = 9EBF20141E0D12A500C5A0B3;
			remoteInfo = SuperPoweredAudioMusicPlay;
		};
/* End PBXContainerItemProxy section */

/* Begin PBXFileReference section */
		13EE40B7770266BE2D80F343 /* libPods.a */ = {isa = PBXFileReference; explicitFileType = archive.ar; includeInIndex = 0; path = libPods.a; sourceTree = BUILT_PRODUCTS_DIR; };
		9E733E4B1E0D1C1E00783B06 /* libSuperpoweredAudioIOS.a */ = {isa = PBXFileReference; lastKnownFileType = archive.ar; path = libSuperpoweredAudioIOS.a; sourceTree = "<group>"; };
		9E733E4C1E0D1C1E00783B06 /* Superpowered3BandEQ.h */ = {isa = PBXFileReference; fileEncoding = 4; lastKnownFileType = sourcecode.c.h; path = Superpowered3BandEQ.h; sourceTree = "<group>"; };
		9E733E4D1E0D1C1E00783B06 /* SuperpoweredAdvancedAudioPlayer.h */ = {isa = PBXFileReference; fileEncoding = 4; lastKnownFileType = sourcecode.c.h; path = SuperpoweredAdvancedAudioPlayer.h; sourceTree = "<group>"; };
		9E733E4E1E0D1C1E00783B06 /* SuperpoweredEcho.h */ = {isa = PBXFileReference; fileEncoding = 4; lastKnownFileType = sourcecode.c.h; path = SuperpoweredEcho.h; sourceTree = "<group>"; };
		9E733E4F1E0D1C1E00783B06 /* SuperpoweredFFT.h */ = {isa = PBXFileReference; fileEncoding = 4; lastKnownFileType = sourcecode.c.h; path = SuperpoweredFFT.h; sourceTree = "<group>"; };
		9E733E501E0D1C1E00783B06 /* SuperpoweredFilter.h */ = {isa = PBXFileReference; fileEncoding = 4; lastKnownFileType = sourcecode.c.h; path = SuperpoweredFilter.h; sourceTree = "<group>"; };
		9E733E511E0D1C1E00783B06 /* SuperpoweredFlanger.h */ = {isa = PBXFileReference; fileEncoding = 4; lastKnownFileType = sourcecode.c.h; path = SuperpoweredFlanger.h; sourceTree = "<group>"; };
		9E733E521E0D1C1E00783B06 /* SuperpoweredFX.h */ = {isa = PBXFileReference; fileEncoding = 4; lastKnownFileType = sourcecode.c.h; path = SuperpoweredFX.h; sourceTree = "<group>"; };
		9E733E531E0D1C1E00783B06 /* SuperpoweredIOSAudioIO.h */ = {isa = PBXFileReference; fileEncoding = 4; lastKnownFileType = sourcecode.c.h; path = SuperpoweredIOSAudioIO.h; sourceTree = "<group>"; };
		9E733E541E0D1C1E00783B06 /* SuperpoweredIOSAudioIO.mm */ = {isa = PBXFileReference; fileEncoding = 4; lastKnownFileType = sourcecode.cpp.objcpp; path = SuperpoweredIOSAudioIO.mm; sourceTree = "<group>"; };
		9E733E551E0D1C1E00783B06 /* SuperpoweredReverb.h */ = {isa = PBXFileReference; fileEncoding = 4; lastKnownFileType = sourcecode.c.h; path = SuperpoweredReverb.h; sourceTree = "<group>"; };
		9E733E561E0D1C1E00783B06 /* SuperpoweredRoll.h */ = {isa = PBXFileReference; fileEncoding = 4; lastKnownFileType = sourcecode.c.h; path = SuperpoweredRoll.h; sourceTree = "<group>"; };
		9E733E571E0D1C1E00783B06 /* SuperpoweredSimple.h */ = {isa = PBXFileReference; fileEncoding = 4; lastKnownFileType = sourcecode.c.h; path = SuperpoweredSimple.h; sourceTree = "<group>"; };
		9E733E5B1E0D403000783B06 /* TotalHeaderFile.pch */ = {isa = PBXFileReference; fileEncoding = 4; lastKnownFileType = sourcecode.c.h; path = TotalHeaderFile.pch; sourceTree = "<group>"; };
		9E733E5D1E0D43C100783B06 /* CoreMedia.framework */ = {isa = PBXFileReference; lastKnownFileType = wrapper.framework; name = CoreMedia.framework; path = System/Library/Frameworks/CoreMedia.framework; sourceTree = SDKROOT; };
		9E733E5F1E0D43CF00783B06 /* AudioToolbox.framework */ = {isa = PBXFileReference; lastKnownFileType = wrapper.framework; name = AudioToolbox.framework; path = System/Library/Frameworks/AudioToolbox.framework; sourceTree = SDKROOT; };
		9E733E611E0D43D900783B06 /* Accelerate.framework */ = {isa = PBXFileReference; lastKnownFileType = wrapper.framework; name = Accelerate.framework; path = System/Library/Frameworks/Accelerate.framework; sourceTree = SDKROOT; };
		9E733E631E0D43E100783B06 /* AVFoundation.framework */ = {isa = PBXFileReference; lastKnownFileType = wrapper.framework; name = AVFoundation.framework; path = System/Library/Frameworks/AVFoundation.framework; sourceTree = SDKROOT; };
		9E733E651E0D43ED00783B06 /* CoreGraphics.framework */ = {isa = PBXFileReference; lastKnownFileType = wrapper.framework; name = CoreGraphics.framework; path = System/Library/Frameworks/CoreGraphics.framework; sourceTree = SDKROOT; };
		9E733E671E0D43FA00783B06 /* Foundation.framework */ = {isa = PBXFileReference; lastKnownFileType = wrapper.framework; name = Foundation.framework; path = System/Library/Frameworks/Foundation.framework; sourceTree = SDKROOT; };
		9E733E691E0D440400783B06 /* MediaPlayer.framework */ = {isa = PBXFileReference; lastKnownFileType = wrapper.framework; name = MediaPlayer.framework; path = System/Library/Frameworks/MediaPlayer.framework; sourceTree = SDKROOT; };
		9E733E6B1E0D440D00783B06 /* QuartzCore.framework */ = {isa = PBXFileReference; lastKnownFileType = wrapper.framework; name = QuartzCore.framework; path = System/Library/Frameworks/QuartzCore.framework; sourceTree = SDKROOT; };
		9E733E6D1E0D441600783B06 /* UIKit.framework */ = {isa = PBXFileReference; lastKnownFileType = wrapper.framework; name = UIKit.framework; path = System/Library/Frameworks/UIKit.framework; sourceTree = SDKROOT; };
		9E733E711E0D4D0F00783B06 /* MusicSuperPlayer.h */ = {isa = PBXFileReference; fileEncoding = 4; lastKnownFileType = sourcecode.c.h; path = MusicSuperPlayer.h; sourceTree = "<group>"; };
		9E733E721E0D4D0F00783B06 /* MusicSuperPlayer.mm */ = {isa = PBXFileReference; fileEncoding = 4; lastKnownFileType = sourcecode.cpp.objcpp; path = MusicSuperPlayer.mm; sourceTree = "<group>"; };
		9E733E751E0D4DFA00783B06 /* AlertManager.h */ = {isa = PBXFileReference; fileEncoding = 4; lastKnownFileType = sourcecode.c.h; path = AlertManager.h; sourceTree = "<group>"; };
		9E733E761E0D4DFA00783B06 /* AlertManager.m */ = {isa = PBXFileReference; fileEncoding = 4; lastKnownFileType = sourcecode.c.objc; path = AlertManager.m; sourceTree = "<group>"; };
		9E733E931E0D533B00783B06 /* MusicPlayerPlayVC.h */ = {isa = PBXFileReference; fileEncoding = 4; lastKnownFileType = sourcecode.c.h; path = MusicPlayerPlayVC.h; sourceTree = "<group>"; };
		9E733E941E0D533B00783B06 /* MusicPlayerPlayVC.m */ = {isa = PBXFileReference; fileEncoding = 4; lastKnownFileType = sourcecode.c.objc; path = MusicPlayerPlayVC.m; sourceTree = "<group>"; };
		9E733E951E0D533B00783B06 /* MusicPlayerPlayVC.xib */ = {isa = PBXFileReference; fileEncoding = 4; lastKnownFileType = file.xib; path = MusicPlayerPlayVC.xib; sourceTree = "<group>"; };
		9E733E991E0D538B00783B06 /* MusicPlayUIViewController.h */ = {isa = PBXFileReference; fileEncoding = 4; lastKnownFileType = sourcecode.c.h; path = MusicPlayUIViewController.h; sourceTree = "<group>"; };
		9E733E9A1E0D538B00783B06 /* MusicPlayUIViewController.m */ = {isa = PBXFileReference; fileEncoding = 4; lastKnownFileType = sourcecode.c.objc; path = MusicPlayUIViewController.m; sourceTree = "<group>"; };
		9E733E9B1E0D538B00783B06 /* MusicPlayUIViewController.xib */ = {isa = PBXFileReference; fileEncoding = 4; lastKnownFileType = file.xib; path = MusicPlayUIViewController.xib; sourceTree = "<group>"; };
		9E733EA41E0D54D000783B06 /* MusicPlayLogicViewController.h */ = {isa = PBXFileReference; fileEncoding = 4; lastKnownFileType = sourcecode.c.h; path = MusicPlayLogicViewController.h; sourceTree = "<group>"; };
		9E733EA51E0D54D000783B06 /* MusicPlayLogicViewController.m */ = {isa = PBXFileReference; fileEncoding = 4; lastKnownFileType = sourcecode.c.objc; path = MusicPlayLogicViewController.m; sourceTree = "<group>"; };
		9E733EA61E0D54D000783B06 /* MusicPlayLogicViewController.xib */ = {isa = PBXFileReference; fileEncoding = 4; lastKnownFileType = file.xib; path = MusicPlayLogicViewController.xib; sourceTree = "<group>"; };
		9E733EB51E0D5CEA00783B06 /* SuperPlayerSoundEffectBtnsView.h */ = {isa = PBXFileReference; fileEncoding = 4; lastKnownFileType = sourcecode.c.h; path = SuperPlayerSoundEffectBtnsView.h; sourceTree = "<group>"; };
		9E733EB61E0D5CEA00783B06 /* SuperPlayerSoundEffectBtnsView.m */ = {isa = PBXFileReference; fileEncoding = 4; lastKnownFileType = sourcecode.c.objc; path = SuperPlayerSoundEffectBtnsView.m; sourceTree = "<group>"; };
		9E733EB71E0D5CEA00783B06 /* SuperPlayerSoundEffectBtnsView.xib */ = {isa = PBXFileReference; fileEncoding = 4; lastKnownFileType = file.xib; path = SuperPlayerSoundEffectBtnsView.xib; sourceTree = "<group>"; };
		9E733EB91E0D5CEA00783B06 /* SuperPlayerSoundEffectPitchView.h */ = {isa = PBXFileReference; fileEncoding = 4; lastKnownFileType = sourcecode.c.h; path = SuperPlayerSoundEffectPitchView.h; sourceTree = "<group>"; };
		9E733EBA1E0D5CEA00783B06 /* SuperPlayerSoundEffectPitchView.m */ = {isa = PBXFileReference; fileEncoding = 4; lastKnownFileType = sourcecode.c.objc; path = SuperPlayerSoundEffectPitchView.m; sourceTree = "<group>"; };
		9E733EBB1E0D5CEA00783B06 /* SuperPlayerSoundEffectPitchView.xib */ = {isa = PBXFileReference; fileEncoding = 4; lastKnownFileType = file.xib; path = SuperPlayerSoundEffectPitchView.xib; sourceTree = "<group>"; };
		9E733EBD1E0D5CEA00783B06 /* SuperPlayerSoundEffectSliderView.h */ = {isa = PBXFileReference; fileEncoding = 4; lastKnownFileType = sourcecode.c.h; path = SuperPlayerSoundEffectSliderView.h; sourceTree = "<group>"; };
		9E733EBE1E0D5CEA00783B06 /* SuperPlayerSoundEffectSliderView.m */ = {isa = PBXFileReference; fileEncoding = 4; lastKnownFileType = sourcecode.c.objc; path = SuperPlayerSoundEffectSliderView.m; sourceTree = "<group>"; };
		9E733EBF1E0D5CEA00783B06 /* SuperPlayerSoundEffectSliderView.xib */ = {isa = PBXFileReference; fileEncoding = 4; lastKnownFileType = file.xib; path = SuperPlayerSoundEffectSliderView.xib; sourceTree = "<group>"; };
		9E733EC11E0D5CEA00783B06 /* SuperPlayerSoundEffectTitleView.h */ = {isa = PBXFileReference; fileEncoding = 4; lastKnownFileType = sourcecode.c.h; path = SuperPlayerSoundEffectTitleView.h; sourceTree = "<group>"; };
		9E733EC21E0D5CEA00783B06 /* SuperPlayerSoundEffectTitleView.m */ = {isa = PBXFileReference; fileEncoding = 4; lastKnownFileType = sourcecode.c.objc; path = SuperPlayerSoundEffectTitleView.m; sourceTree = "<group>"; };
		9E733EC31E0D5CEA00783B06 /* SuperPlayerSoundEffectTitleView.xib */ = {isa = PBXFileReference; fileEncoding = 4; lastKnownFileType = file.xib; path = SuperPlayerSoundEffectTitleView.xib; sourceTree = "<group>"; };
		9E733EC41E0D5CEA00783B06 /* SuperPlayerSoundEffectVC.h */ = {isa = PBXFileReference; fileEncoding = 4; lastKnownFileType = sourcecode.c.h; path = SuperPlayerSoundEffectVC.h; sourceTree = "<group>"; };
		9E733EC51E0D5CEA00783B06 /* SuperPlayerSoundEffectVC.m */ = {isa = PBXFileReference; fileEncoding = 4; lastKnownFileType = sourcecode.c.objc; path = SuperPlayerSoundEffectVC.m; sourceTree = "<group>"; };
		9E733EC61E0D5CEA00783B06 /* SuperPlayerSoundEffectVC.xib */ = {isa = PBXFileReference; fileEncoding = 4; lastKnownFileType = file.xib; path = SuperPlayerSoundEffectVC.xib; sourceTree = "<group>"; };
		9E733ED41E0D5F3000783B06 /* MusicCenterManager.h */ = {isa = PBXFileReference; fileEncoding = 4; lastKnownFileType = sourcecode.c.h; path = MusicCenterManager.h; sourceTree = "<group>"; };
		9E733ED51E0D5F3000783B06 /* MusicCenterManager.m */ = {isa = PBXFileReference; fileEncoding = 4; lastKnownFileType = sourcecode.c.objc; path = MusicCenterManager.m; sourceTree = "<group>"; };
		9E733ED81E0D5F5700783B06 /* MusicDataManager.h */ = {isa = PBXFileReference; fileEncoding = 4; lastKnownFileType = sourcecode.c.h; path = MusicDataManager.h; sourceTree = "<group>"; };
		9E733ED91E0D5F5700783B06 /* MusicDataManager.m */ = {isa = PBXFileReference; fileEncoding = 4; lastKnownFileType = sourcecode.c.objc; path = MusicDataManager.m; sourceTree = "<group>"; };
		9EBF20151E0D12A500C5A0B3 /* SuperPoweredAudioMusicPlay.app */ = {isa = PBXFileReference; explicitFileType = wrapper.application; includeInIndex = 0; path = SuperPoweredAudioMusicPlay.app; sourceTree = BUILT_PRODUCTS_DIR; };
		9EBF20191E0D12A500C5A0B3 /* main.m */ = {isa = PBXFileReference; lastKnownFileType = sourcecode.c.objc; path = main.m; sourceTree = "<group>"; };
		9EBF201B1E0D12A500C5A0B3 /* AppDelegate.h */ = {isa = PBXFileReference; lastKnownFileType = sourcecode.c.h; path = AppDelegate.h; sourceTree = "<group>"; };
		9EBF201C1E0D12A500C5A0B3 /* AppDelegate.m */ = {isa = PBXFileReference; lastKnownFileType = sourcecode.c.objc; path = AppDelegate.m; sourceTree = "<group>"; };
		9EBF201E1E0D12A500C5A0B3 /* ViewController.h */ = {isa = PBXFileReference; lastKnownFileType = sourcecode.c.h; path = ViewController.h; sourceTree = "<group>"; };
		9EBF201F1E0D12A500C5A0B3 /* ViewController.m */ = {isa = PBXFileReference; lastKnownFileType = sourcecode.c.objc; path = ViewController.m; sourceTree = "<group>"; };
		9EBF20221E0D12A500C5A0B3 /* Base */ = {isa = PBXFileReference; lastKnownFileType = file.storyboard; name = Base; path = Base.lproj/Main.storyboard; sourceTree = "<group>"; };
		9EBF20241E0D12A500C5A0B3 /* Assets.xcassets */ = {isa = PBXFileReference; lastKnownFileType = folder.assetcatalog; path = Assets.xcassets; sourceTree = "<group>"; };
		9EBF20271E0D12A500C5A0B3 /* Base */ = {isa = PBXFileReference; lastKnownFileType = file.storyboard; name = Base; path = Base.lproj/LaunchScreen.storyboard; sourceTree = "<group>"; };
		9EBF20291E0D12A500C5A0B3 /* Info.plist */ = {isa = PBXFileReference; lastKnownFileType = text.plist.xml; path = Info.plist; sourceTree = "<group>"; };
		9EBF202E1E0D12A500C5A0B3 /* SuperPoweredAudioMusicPlayTests.xctest */ = {isa = PBXFileReference; explicitFileType = wrapper.cfbundle; includeInIndex = 0; path = SuperPoweredAudioMusicPlayTests.xctest; sourceTree = BUILT_PRODUCTS_DIR; };
		9EBF20321E0D12A500C5A0B3 /* SuperPoweredAudioMusicPlayTests.m */ = {isa = PBXFileReference; lastKnownFileType = sourcecode.c.objc; path = SuperPoweredAudioMusicPlayTests.m; sourceTree = "<group>"; };
		9EBF20341E0D12A500C5A0B3 /* Info.plist */ = {isa = PBXFileReference; lastKnownFileType = text.plist.xml; path = Info.plist; sourceTree = "<group>"; };
		9EBF20391E0D12A500C5A0B3 /* SuperPoweredAudioMusicPlayUITests.xctest */ = {isa = PBXFileReference; explicitFileType = wrapper.cfbundle; includeInIndex = 0; path = SuperPoweredAudioMusicPlayUITests.xctest; sourceTree = BUILT_PRODUCTS_DIR; };
		9EBF203D1E0D12A500C5A0B3 /* SuperPoweredAudioMusicPlayUITests.m */ = {isa = PBXFileReference; lastKnownFileType = sourcecode.c.objc; path = SuperPoweredAudioMusicPlayUITests.m; sourceTree = "<group>"; };
		9EBF203F1E0D12A500C5A0B3 /* Info.plist */ = {isa = PBXFileReference; lastKnownFileType = text.plist.xml; path = Info.plist; sourceTree = "<group>"; };
		E5697A194E99D4E2CA263DC5 /* Pods.debug.xcconfig */ = {isa = PBXFileReference; includeInIndex = 1; lastKnownFileType = text.xcconfig; name = Pods.debug.xcconfig; path = "Pods/Target Support Files/Pods/Pods.debug.xcconfig"; sourceTree = "<group>"; };
		F9D11DA6036558DD962296B3 /* Pods.release.xcconfig */ = {isa = PBXFileReference; includeInIndex = 1; lastKnownFileType = text.xcconfig; name = Pods.release.xcconfig; path = "Pods/Target Support Files/Pods/Pods.release.xcconfig"; sourceTree = "<group>"; };
/* End PBXFileReference section */

/* Begin PBXFrameworksBuildPhase section */
		9EBF20121E0D12A500C5A0B3 /* Frameworks */ = {
			isa = PBXFrameworksBuildPhase;
			buildActionMask = 2147483647;
			files = (
				9E733E6E1E0D441600783B06 /* UIKit.framework in Frameworks */,
				9E733E6C1E0D440D00783B06 /* QuartzCore.framework in Frameworks */,
				9E733E6A1E0D440400783B06 /* MediaPlayer.framework in Frameworks */,
				9E733E681E0D43FA00783B06 /* Foundation.framework in Frameworks */,
				9E733E661E0D43ED00783B06 /* CoreGraphics.framework in Frameworks */,
				9E733E641E0D43E100783B06 /* AVFoundation.framework in Frameworks */,
				9E733E621E0D43D900783B06 /* Accelerate.framework in Frameworks */,
				9E733E601E0D43CF00783B06 /* AudioToolbox.framework in Frameworks */,
				9E733E5E1E0D43C100783B06 /* CoreMedia.framework in Frameworks */,
				9E733E581E0D1C1E00783B06 /* libSuperpoweredAudioIOS.a in Frameworks */,
				74890BB5AAF1ABA3B9574C51 /* libPods.a in Frameworks */,
			);
			runOnlyForDeploymentPostprocessing = 0;
		};
		9EBF202B1E0D12A500C5A0B3 /* Frameworks */ = {
			isa = PBXFrameworksBuildPhase;
			buildActionMask = 2147483647;
			files = (
			);
			runOnlyForDeploymentPostprocessing = 0;
		};
		9EBF20361E0D12A500C5A0B3 /* Frameworks */ = {
			isa = PBXFrameworksBuildPhase;
			buildActionMask = 2147483647;
			files = (
			);
			runOnlyForDeploymentPostprocessing = 0;
		};
/* End PBXFrameworksBuildPhase section */

/* Begin PBXGroup section */
		02F9438AA207E380F6DD65DA /* Pods */ = {
			isa = PBXGroup;
			children = (
				E5697A194E99D4E2CA263DC5 /* Pods.debug.xcconfig */,
				F9D11DA6036558DD962296B3 /* Pods.release.xcconfig */,
			);
			name = Pods;
			sourceTree = "<group>";
		};
		9E4DBEF21E0D1623003E9BC5 /* C++PlayerLib */ = {
			isa = PBXGroup;
			children = (
				9E733E4B1E0D1C1E00783B06 /* libSuperpoweredAudioIOS.a */,
				9E733E4C1E0D1C1E00783B06 /* Superpowered3BandEQ.h */,
				9E733E4D1E0D1C1E00783B06 /* SuperpoweredAdvancedAudioPlayer.h */,
				9E733E4E1E0D1C1E00783B06 /* SuperpoweredEcho.h */,
				9E733E4F1E0D1C1E00783B06 /* SuperpoweredFFT.h */,
				9E733E501E0D1C1E00783B06 /* SuperpoweredFilter.h */,
				9E733E511E0D1C1E00783B06 /* SuperpoweredFlanger.h */,
				9E733E521E0D1C1E00783B06 /* SuperpoweredFX.h */,
				9E733E531E0D1C1E00783B06 /* SuperpoweredIOSAudioIO.h */,
				9E733E541E0D1C1E00783B06 /* SuperpoweredIOSAudioIO.mm */,
				9E733E551E0D1C1E00783B06 /* SuperpoweredReverb.h */,
				9E733E561E0D1C1E00783B06 /* SuperpoweredRoll.h */,
				9E733E571E0D1C1E00783B06 /* SuperpoweredSimple.h */,
			);
			path = "C++PlayerLib";
			sourceTree = "<group>";
		};
		9E733E5A1E0D400000783B06 /* TotalHeaderFile */ = {
			isa = PBXGroup;
			children = (
				9E733E5B1E0D403000783B06 /* TotalHeaderFile.pch */,
			);
			path = TotalHeaderFile;
			sourceTree = "<group>";
		};
		9E733E5C1E0D43C100783B06 /* Frameworks */ = {
			isa = PBXGroup;
			children = (
				9E733E6D1E0D441600783B06 /* UIKit.framework */,
				9E733E6B1E0D440D00783B06 /* QuartzCore.framework */,
				9E733E691E0D440400783B06 /* MediaPlayer.framework */,
				9E733E671E0D43FA00783B06 /* Foundation.framework */,
				9E733E651E0D43ED00783B06 /* CoreGraphics.framework */,
				9E733E631E0D43E100783B06 /* AVFoundation.framework */,
				9E733E611E0D43D900783B06 /* Accelerate.framework */,
				9E733E5F1E0D43CF00783B06 /* AudioToolbox.framework */,
				9E733E5D1E0D43C100783B06 /* CoreMedia.framework */,
				13EE40B7770266BE2D80F343 /* libPods.a */,
			);
			name = Frameworks;
			sourceTree = "<group>";
		};
		9E733E6F1E0D4CBE00783B06 /* UI */ = {
			isa = PBXGroup;
			children = (
				9E733EA91E0D5C9100783B06 /* MusicPlayEffectVC */,
				9E733E7D1E0D4F5C00783B06 /* MusicPlayerPlayVC */,
				9E733E701E0D4CD600783B06 /* PlayerOfC++ */,
			);
			path = UI;
			sourceTree = "<group>";
		};
		9E733E701E0D4CD600783B06 /* PlayerOfC++ */ = {
			isa = PBXGroup;
			children = (
				9E733E711E0D4D0F00783B06 /* MusicSuperPlayer.h */,
				9E733E721E0D4D0F00783B06 /* MusicSuperPlayer.mm */,
			);
			path = "PlayerOfC++";
			sourceTree = "<group>";
		};
		9E733E741E0D4DD500783B06 /* AlertC */ = {
			isa = PBXGroup;
			children = (
				9E733E751E0D4DFA00783B06 /* AlertManager.h */,
				9E733E761E0D4DFA00783B06 /* AlertManager.m */,
			);
			path = AlertC;
			sourceTree = "<group>";
		};
		9E733E781E0D4E8A00783B06 /* Resource */ = {
			isa = PBXGroup;
			children = (
			);
			path = Resource;
			sourceTree = "<group>";
		};
		9E733E7D1E0D4F5C00783B06 /* MusicPlayerPlayVC */ = {
			isa = PBXGroup;
			children = (
				9E733E9E1E0D548B00783B06 /* MusicPlayLogicViewController */,
				9E733E981E0D538000783B06 /* MusicPlayUIViewController */,
				9E733E921E0D533B00783B06 /* MusicPlayerPlayViewController */,
			);
			path = MusicPlayerPlayVC;
			sourceTree = "<group>";
		};
		9E733E921E0D533B00783B06 /* MusicPlayerPlayViewController */ = {
			isa = PBXGroup;
			children = (
				9E733E931E0D533B00783B06 /* MusicPlayerPlayVC.h */,
				9E733E941E0D533B00783B06 /* MusicPlayerPlayVC.m */,
				9E733E951E0D533B00783B06 /* MusicPlayerPlayVC.xib */,
			);
			path = MusicPlayerPlayViewController;
			sourceTree = "<group>";
		};
		9E733E981E0D538000783B06 /* MusicPlayUIViewController */ = {
			isa = PBXGroup;
			children = (
				9E733E991E0D538B00783B06 /* MusicPlayUIViewController.h */,
				9E733E9A1E0D538B00783B06 /* MusicPlayUIViewController.m */,
				9E733E9B1E0D538B00783B06 /* MusicPlayUIViewController.xib */,
			);
			path = MusicPlayUIViewController;
			sourceTree = "<group>";
		};
		9E733E9E1E0D548B00783B06 /* MusicPlayLogicViewController */ = {
			isa = PBXGroup;
			children = (
				9E733EA41E0D54D000783B06 /* MusicPlayLogicViewController.h */,
				9E733EA51E0D54D000783B06 /* MusicPlayLogicViewController.m */,
				9E733EA61E0D54D000783B06 /* MusicPlayLogicViewController.xib */,
			);
			path = MusicPlayLogicViewController;
			sourceTree = "<group>";
		};
		9E733EA91E0D5C9100783B06 /* MusicPlayEffectVC */ = {
			isa = PBXGroup;
			children = (
				9E733EB41E0D5CEA00783B06 /* SuperPlayerSoundEffectBtnsView */,
				9E733EB81E0D5CEA00783B06 /* SuperPlayerSoundEffectPitchView */,
				9E733EBC1E0D5CEA00783B06 /* SuperPlayerSoundEffectSliderView */,
				9E733EC01E0D5CEA00783B06 /* SuperPlayerSoundEffectTitleView */,
				9E733EC41E0D5CEA00783B06 /* SuperPlayerSoundEffectVC.h */,
				9E733EC51E0D5CEA00783B06 /* SuperPlayerSoundEffectVC.m */,
				9E733EC61E0D5CEA00783B06 /* SuperPlayerSoundEffectVC.xib */,
			);
			path = MusicPlayEffectVC;
			sourceTree = "<group>";
		};
		9E733EB41E0D5CEA00783B06 /* SuperPlayerSoundEffectBtnsView */ = {
			isa = PBXGroup;
			children = (
				9E733EB51E0D5CEA00783B06 /* SuperPlayerSoundEffectBtnsView.h */,
				9E733EB61E0D5CEA00783B06 /* SuperPlayerSoundEffectBtnsView.m */,
				9E733EB71E0D5CEA00783B06 /* SuperPlayerSoundEffectBtnsView.xib */,
			);
			path = SuperPlayerSoundEffectBtnsView;
			sourceTree = "<group>";
		};
		9E733EB81E0D5CEA00783B06 /* SuperPlayerSoundEffectPitchView */ = {
			isa = PBXGroup;
			children = (
				9E733EB91E0D5CEA00783B06 /* SuperPlayerSoundEffectPitchView.h */,
				9E733EBA1E0D5CEA00783B06 /* SuperPlayerSoundEffectPitchView.m */,
				9E733EBB1E0D5CEA00783B06 /* SuperPlayerSoundEffectPitchView.xib */,
			);
			path = SuperPlayerSoundEffectPitchView;
			sourceTree = "<group>";
		};
		9E733EBC1E0D5CEA00783B06 /* SuperPlayerSoundEffectSliderView */ = {
			isa = PBXGroup;
			children = (
				9E733EBD1E0D5CEA00783B06 /* SuperPlayerSoundEffectSliderView.h */,
				9E733EBE1E0D5CEA00783B06 /* SuperPlayerSoundEffectSliderView.m */,
				9E733EBF1E0D5CEA00783B06 /* SuperPlayerSoundEffectSliderView.xib */,
			);
			path = SuperPlayerSoundEffectSliderView;
			sourceTree = "<group>";
		};
		9E733EC01E0D5CEA00783B06 /* SuperPlayerSoundEffectTitleView */ = {
			isa = PBXGroup;
			children = (
				9E733EC11E0D5CEA00783B06 /* SuperPlayerSoundEffectTitleView.h */,
				9E733EC21E0D5CEA00783B06 /* SuperPlayerSoundEffectTitleView.m */,
				9E733EC31E0D5CEA00783B06 /* SuperPlayerSoundEffectTitleView.xib */,
			);
			path = SuperPlayerSoundEffectTitleView;
			sourceTree = "<group>";
		};
		9E733ED21E0D5EAE00783B06 /* Logic */ = {
			isa = PBXGroup;
			children = (
				9E733ED71E0D5F4F00783B06 /* MusicDataManager */,
				9E733ED31E0D5F1E00783B06 /* MusicCenterManager */,
			);
			path = Logic;
			sourceTree = "<group>";
		};
		9E733ED31E0D5F1E00783B06 /* MusicCenterManager */ = {
			isa = PBXGroup;
			children = (
				9E733ED41E0D5F3000783B06 /* MusicCenterManager.h */,
				9E733ED51E0D5F3000783B06 /* MusicCenterManager.m */,
			);
			path = MusicCenterManager;
			sourceTree = "<group>";
		};
		9E733ED71E0D5F4F00783B06 /* MusicDataManager */ = {
			isa = PBXGroup;
			children = (
				9E733ED81E0D5F5700783B06 /* MusicDataManager.h */,
				9E733ED91E0D5F5700783B06 /* MusicDataManager.m */,
			);
			path = MusicDataManager;
			sourceTree = "<group>";
		};
		9EBF200C1E0D12A500C5A0B3 = {
			isa = PBXGroup;
			children = (
				9EBF20171E0D12A500C5A0B3 /* SuperPoweredAudioMusicPlay */,
				9EBF20311E0D12A500C5A0B3 /* SuperPoweredAudioMusicPlayTests */,
				9EBF203C1E0D12A500C5A0B3 /* SuperPoweredAudioMusicPlayUITests */,
				9EBF20161E0D12A500C5A0B3 /* Products */,
				9E733E5C1E0D43C100783B06 /* Frameworks */,
				02F9438AA207E380F6DD65DA /* Pods */,
			);
			sourceTree = "<group>";
		};
		9EBF20161E0D12A500C5A0B3 /* Products */ = {
			isa = PBXGroup;
			children = (
				9EBF20151E0D12A500C5A0B3 /* SuperPoweredAudioMusicPlay.app */,
				9EBF202E1E0D12A500C5A0B3 /* SuperPoweredAudioMusicPlayTests.xctest */,
				9EBF20391E0D12A500C5A0B3 /* SuperPoweredAudioMusicPlayUITests.xctest */,
			);
			name = Products;
			sourceTree = "<group>";
		};
		9EBF20171E0D12A500C5A0B3 /* SuperPoweredAudioMusicPlay */ = {
			isa = PBXGroup;
			children = (
				9EBF201B1E0D12A500C5A0B3 /* AppDelegate.h */,
				9EBF201C1E0D12A500C5A0B3 /* AppDelegate.m */,
				9EBF201E1E0D12A500C5A0B3 /* ViewController.h */,
				9EBF201F1E0D12A500C5A0B3 /* ViewController.m */,
				9E733ED21E0D5EAE00783B06 /* Logic */,
				9E733E781E0D4E8A00783B06 /* Resource */,
				9E733E741E0D4DD500783B06 /* AlertC */,
				9E733E6F1E0D4CBE00783B06 /* UI */,
				9E733E5A1E0D400000783B06 /* TotalHeaderFile */,
				9E4DBEF21E0D1623003E9BC5 /* C++PlayerLib */,
				9EBF20211E0D12A500C5A0B3 /* Main.storyboard */,
				9EBF20241E0D12A500C5A0B3 /* Assets.xcassets */,
				9EBF20261E0D12A500C5A0B3 /* LaunchScreen.storyboard */,
				9EBF20291E0D12A500C5A0B3 /* Info.plist */,
				9EBF20181E0D12A500C5A0B3 /* Supporting Files */,
			);
			path = SuperPoweredAudioMusicPlay;
			sourceTree = "<group>";
		};
		9EBF20181E0D12A500C5A0B3 /* Supporting Files */ = {
			isa = PBXGroup;
			children = (
				9EBF20191E0D12A500C5A0B3 /* main.m */,
			);
			name = "Supporting Files";
			sourceTree = "<group>";
		};
		9EBF20311E0D12A500C5A0B3 /* SuperPoweredAudioMusicPlayTests */ = {
			isa = PBXGroup;
			children = (
				9EBF20321E0D12A500C5A0B3 /* SuperPoweredAudioMusicPlayTests.m */,
				9EBF20341E0D12A500C5A0B3 /* Info.plist */,
			);
			path = SuperPoweredAudioMusicPlayTests;
			sourceTree = "<group>";
		};
		9EBF203C1E0D12A500C5A0B3 /* SuperPoweredAudioMusicPlayUITests */ = {
			isa = PBXGroup;
			children = (
				9EBF203D1E0D12A500C5A0B3 /* SuperPoweredAudioMusicPlayUITests.m */,
				9EBF203F1E0D12A500C5A0B3 /* Info.plist */,
			);
			path = SuperPoweredAudioMusicPlayUITests;
			sourceTree = "<group>";
		};
/* End PBXGroup section */

/* Begin PBXNativeTarget section */
		9EBF20141E0D12A500C5A0B3 /* SuperPoweredAudioMusicPlay */ = {
			isa = PBXNativeTarget;
			buildConfigurationList = 9EBF20421E0D12A500C5A0B3 /* Build configuration list for PBXNativeTarget "SuperPoweredAudioMusicPlay" */;
			buildPhases = (
				20CD126053622FB4130456B2 /* Check Pods Manifest.lock */,
				9EBF20111E0D12A500C5A0B3 /* Sources */,
				9EBF20121E0D12A500C5A0B3 /* Frameworks */,
				9EBF20131E0D12A500C5A0B3 /* Resources */,
				DF5B3A16AE0402CDBCFCABBF /* Embed Pods Frameworks */,
				18049BDD548B9A2E37FE0FEE /* Copy Pods Resources */,
			);
			buildRules = (
			);
			dependencies = (
			);
			name = SuperPoweredAudioMusicPlay;
			productName = SuperPoweredAudioMusicPlay;
			productReference = 9EBF20151E0D12A500C5A0B3 /* SuperPoweredAudioMusicPlay.app */;
			productType = "com.apple.product-type.application";
		};
		9EBF202D1E0D12A500C5A0B3 /* SuperPoweredAudioMusicPlayTests */ = {
			isa = PBXNativeTarget;
			buildConfigurationList = 9EBF20451E0D12A500C5A0B3 /* Build configuration list for PBXNativeTarget "SuperPoweredAudioMusicPlayTests" */;
			buildPhases = (
				9EBF202A1E0D12A500C5A0B3 /* Sources */,
				9EBF202B1E0D12A500C5A0B3 /* Frameworks */,
				9EBF202C1E0D12A500C5A0B3 /* Resources */,
			);
			buildRules = (
			);
			dependencies = (
				9EBF20301E0D12A500C5A0B3 /* PBXTargetDependency */,
			);
			name = SuperPoweredAudioMusicPlayTests;
			productName = SuperPoweredAudioMusicPlayTests;
			productReference = 9EBF202E1E0D12A500C5A0B3 /* SuperPoweredAudioMusicPlayTests.xctest */;
			productType = "com.apple.product-type.bundle.unit-test";
		};
		9EBF20381E0D12A500C5A0B3 /* SuperPoweredAudioMusicPlayUITests */ = {
			isa = PBXNativeTarget;
			buildConfigurationList = 9EBF20481E0D12A500C5A0B3 /* Build configuration list for PBXNativeTarget "SuperPoweredAudioMusicPlayUITests" */;
			buildPhases = (
				9EBF20351E0D12A500C5A0B3 /* Sources */,
				9EBF20361E0D12A500C5A0B3 /* Frameworks */,
				9EBF20371E0D12A500C5A0B3 /* Resources */,
			);
			buildRules = (
			);
			dependencies = (
				9EBF203B1E0D12A500C5A0B3 /* PBXTargetDependency */,
			);
			name = SuperPoweredAudioMusicPlayUITests;
			productName = SuperPoweredAudioMusicPlayUITests;
			productReference = 9EBF20391E0D12A500C5A0B3 /* SuperPoweredAudioMusicPlayUITests.xctest */;
			productType = "com.apple.product-type.bundle.ui-testing";
		};
/* End PBXNativeTarget section */

/* Begin PBXProject section */
		9EBF200D1E0D12A500C5A0B3 /* Project object */ = {
			isa = PBXProject;
			attributes = {
				LastUpgradeCheck = 0820;
				ORGANIZATIONNAME = "岳克奎";
				TargetAttributes = {
					9EBF20141E0D12A500C5A0B3 = {
						CreatedOnToolsVersion = 8.2.1;
						DevelopmentTeam = BKME25WU4F;
						ProvisioningStyle = Automatic;
					};
					9EBF202D1E0D12A500C5A0B3 = {
						CreatedOnToolsVersion = 8.2.1;
						DevelopmentTeam = BKME25WU4F;
						ProvisioningStyle = Automatic;
						TestTargetID = 9EBF20141E0D12A500C5A0B3;
					};
					9EBF20381E0D12A500C5A0B3 = {
						CreatedOnToolsVersion = 8.2.1;
						DevelopmentTeam = BKME25WU4F;
						ProvisioningStyle = Automatic;
						TestTargetID = 9EBF20141E0D12A500C5A0B3;
					};
				};
			};
			buildConfigurationList = 9EBF20101E0D12A500C5A0B3 /* Build configuration list for PBXProject "SuperPoweredAudioMusicPlay" */;
			compatibilityVersion = "Xcode 3.2";
			developmentRegion = English;
			hasScannedForEncodings = 0;
			knownRegions = (
				en,
				Base,
			);
			mainGroup = 9EBF200C1E0D12A500C5A0B3;
			productRefGroup = 9EBF20161E0D12A500C5A0B3 /* Products */;
			projectDirPath = "";
			projectRoot = "";
			targets = (
				9EBF20141E0D12A500C5A0B3 /* SuperPoweredAudioMusicPlay */,
				9EBF202D1E0D12A500C5A0B3 /* SuperPoweredAudioMusicPlayTests */,
				9EBF20381E0D12A500C5A0B3 /* SuperPoweredAudioMusicPlayUITests */,
			);
		};
/* End PBXProject section */

/* Begin PBXResourcesBuildPhase section */
		9EBF20131E0D12A500C5A0B3 /* Resources */ = {
			isa = PBXResourcesBuildPhase;
			buildActionMask = 2147483647;
			files = (
				9EBF20281E0D12A500C5A0B3 /* LaunchScreen.storyboard in Resources */,
				9E733ECA1E0D5CEA00783B06 /* SuperPlayerSoundEffectPitchView.xib in Resources */,
				9E733E9D1E0D538B00783B06 /* MusicPlayUIViewController.xib in Resources */,
				9E733ECE1E0D5CEA00783B06 /* SuperPlayerSoundEffectTitleView.xib in Resources */,
				9E733ED01E0D5CEA00783B06 /* SuperPlayerSoundEffectVC.xib in Resources */,
				9E733EA81E0D54D000783B06 /* MusicPlayLogicViewController.xib in Resources */,
				9EBF20251E0D12A500C5A0B3 /* Assets.xcassets in Resources */,
				9E733ECC1E0D5CEA00783B06 /* SuperPlayerSoundEffectSliderView.xib in Resources */,
				9E733EC81E0D5CEA00783B06 /* SuperPlayerSoundEffectBtnsView.xib in Resources */,
				9EBF20231E0D12A500C5A0B3 /* Main.storyboard in Resources */,
				9E733E971E0D533B00783B06 /* MusicPlayerPlayVC.xib in Resources */,
			);
			runOnlyForDeploymentPostprocessing = 0;
		};
		9EBF202C1E0D12A500C5A0B3 /* Resources */ = {
			isa = PBXResourcesBuildPhase;
			buildActionMask = 2147483647;
			files = (
			);
			runOnlyForDeploymentPostprocessing = 0;
		};
		9EBF20371E0D12A500C5A0B3 /* Resources */ = {
			isa = PBXResourcesBuildPhase;
			buildActionMask = 2147483647;
			files = (
			);
			runOnlyForDeploymentPostprocessing = 0;
		};
/* End PBXResourcesBuildPhase section */

/* Begin PBXShellScriptBuildPhase section */
		18049BDD548B9A2E37FE0FEE /* Copy Pods Resources */ = {
			isa = PBXShellScriptBuildPhase;
			buildActionMask = 2147483647;
			files = (
			);
			inputPaths = (
			);
			name = "Copy Pods Resources";
			outputPaths = (
			);
			runOnlyForDeploymentPostprocessing = 0;
			shellPath = /bin/sh;
			shellScript = "\"${SRCROOT}/Pods/Target Support Files/Pods/Pods-resources.sh\"\n";
			showEnvVarsInLog = 0;
		};
		20CD126053622FB4130456B2 /* Check Pods Manifest.lock */ = {
			isa = PBXShellScriptBuildPhase;
			buildActionMask = 2147483647;
			files = (
			);
			inputPaths = (
			);
			name = "Check Pods Manifest.lock";
			outputPaths = (
			);
			runOnlyForDeploymentPostprocessing = 0;
			shellPath = /bin/sh;
			shellScript = "diff \"${PODS_ROOT}/../Podfile.lock\" \"${PODS_ROOT}/Manifest.lock\" > /dev/null\nif [[ $? != 0 ]] ; then\n    cat << EOM\nerror: The sandbox is not in sync with the Podfile.lock. Run 'pod install' or update your CocoaPods installation.\nEOM\n    exit 1\nfi\n";
			showEnvVarsInLog = 0;
		};
		DF5B3A16AE0402CDBCFCABBF /* Embed Pods Frameworks */ = {
			isa = PBXShellScriptBuildPhase;
			buildActionMask = 2147483647;
			files = (
			);
			inputPaths = (
			);
			name = "Embed Pods Frameworks";
			outputPaths = (
			);
			runOnlyForDeploymentPostprocessing = 0;
			shellPath = /bin/sh;
			shellScript = "\"${SRCROOT}/Pods/Target Support Files/Pods/Pods-frameworks.sh\"\n";
			showEnvVarsInLog = 0;
		};
/* End PBXShellScriptBuildPhase section */

/* Begin PBXSourcesBuildPhase section */
		9EBF20111E0D12A500C5A0B3 /* Sources */ = {
			isa = PBXSourcesBuildPhase;
			buildActionMask = 2147483647;
			files = (
				9E733E771E0D4DFA00783B06 /* AlertManager.m in Sources */,
				9E733ECB1E0D5CEA00783B06 /* SuperPlayerSoundEffectSliderView.m in Sources */,
				9E733E731E0D4D0F00783B06 /* MusicSuperPlayer.mm in Sources */,
				9E733EDA1E0D5F5700783B06 /* MusicDataManager.m in Sources */,
				9E733E9C1E0D538B00783B06 /* MusicPlayUIViewController.m in Sources */,
				9E733ECF1E0D5CEA00783B06 /* SuperPlayerSoundEffectVC.m in Sources */,
				9EBF20201E0D12A500C5A0B3 /* ViewController.m in Sources */,
				9E733EC71E0D5CEA00783B06 /* SuperPlayerSoundEffectBtnsView.m in Sources */,
				9E733EA71E0D54D000783B06 /* MusicPlayLogicViewController.m in Sources */,
				9E733ED61E0D5F3000783B06 /* MusicCenterManager.m in Sources */,
				9E733EC91E0D5CEA00783B06 /* SuperPlayerSoundEffectPitchView.m in Sources */,
				9EBF201D1E0D12A500C5A0B3 /* AppDelegate.m in Sources */,
				9EBF201A1E0D12A500C5A0B3 /* main.m in Sources */,
				9E733E961E0D533B00783B06 /* MusicPlayerPlayVC.m in Sources */,
				9E733ECD1E0D5CEA00783B06 /* SuperPlayerSoundEffectTitleView.m in Sources */,
				9E733E591E0D1C1E00783B06 /* SuperpoweredIOSAudioIO.mm in Sources */,
			);
			runOnlyForDeploymentPostprocessing = 0;
		};
		9EBF202A1E0D12A500C5A0B3 /* Sources */ = {
			isa = PBXSourcesBuildPhase;
			buildActionMask = 2147483647;
			files = (
				9EBF20331E0D12A500C5A0B3 /* SuperPoweredAudioMusicPlayTests.m in Sources */,
			);
			runOnlyForDeploymentPostprocessing = 0;
		};
		9EBF20351E0D12A500C5A0B3 /* Sources */ = {
			isa = PBXSourcesBuildPhase;
			buildActionMask = 2147483647;
			files = (
				9EBF203E1E0D12A500C5A0B3 /* SuperPoweredAudioMusicPlayUITests.m in Sources */,
			);
			runOnlyForDeploymentPostprocessing = 0;
		};
/* End PBXSourcesBuildPhase section */

/* Begin PBXTargetDependency section */
		9EBF20301E0D12A500C5A0B3 /* PBXTargetDependency */ = {
			isa = PBXTargetDependency;
			target = 9EBF20141E0D12A500C5A0B3 /* SuperPoweredAudioMusicPlay */;
			targetProxy = 9EBF202F1E0D12A500C5A0B3 /* PBXContainerItemProxy */;
		};
		9EBF203B1E0D12A500C5A0B3 /* PBXTargetDependency */ = {
			isa = PBXTargetDependency;
			target = 9EBF20141E0D12A500C5A0B3 /* SuperPoweredAudioMusicPlay */;
			targetProxy = 9EBF203A1E0D12A500C5A0B3 /* PBXContainerItemProxy */;
		};
/* End PBXTargetDependency section */

/* Begin PBXVariantGroup section */
		9EBF20211E0D12A500C5A0B3 /* Main.storyboard */ = {
			isa = PBXVariantGroup;
			children = (
				9EBF20221E0D12A500C5A0B3 /* Base */,
			);
			name = Main.storyboard;
			sourceTree = "<group>";
		};
		9EBF20261E0D12A500C5A0B3 /* LaunchScreen.storyboard */ = {
			isa = PBXVariantGroup;
			children = (
				9EBF20271E0D12A500C5A0B3 /* Base */,
			);
			name = LaunchScreen.storyboard;
			sourceTree = "<group>";
		};
/* End PBXVariantGroup section */

/* Begin XCBuildConfiguration section */
		9EBF20401E0D12A500C5A0B3 /* Debug */ = {
			isa = XCBuildConfiguration;
			buildSettings = {
				ALWAYS_SEARCH_USER_PATHS = NO;
				CLANG_ANALYZER_NONNULL = YES;
				CLANG_CXX_LANGUAGE_STANDARD = "gnu++0x";
				CLANG_CXX_LIBRARY = "libc++";
				CLANG_ENABLE_MODULES = YES;
				CLANG_ENABLE_OBJC_ARC = YES;
				CLANG_WARN_BOOL_CONVERSION = YES;
				CLANG_WARN_CONSTANT_CONVERSION = YES;
				CLANG_WARN_DIRECT_OBJC_ISA_USAGE = YES_ERROR;
				CLANG_WARN_DOCUMENTATION_COMMENTS = YES;
				CLANG_WARN_EMPTY_BODY = YES;
				CLANG_WARN_ENUM_CONVERSION = YES;
				CLANG_WARN_INFINITE_RECURSION = YES;
				CLANG_WARN_INT_CONVERSION = YES;
				CLANG_WARN_OBJC_ROOT_CLASS = YES_ERROR;
				CLANG_WARN_SUSPICIOUS_MOVE = YES;
				CLANG_WARN_UNREACHABLE_CODE = YES;
				CLANG_WARN__DUPLICATE_METHOD_MATCH = YES;
				"CODE_SIGN_IDENTITY[sdk=iphoneos*]" = "iPhone Developer";
				COPY_PHASE_STRIP = NO;
				DEBUG_INFORMATION_FORMAT = dwarf;
				ENABLE_STRICT_OBJC_MSGSEND = YES;
				ENABLE_TESTABILITY = YES;
				GCC_C_LANGUAGE_STANDARD = gnu99;
				GCC_DYNAMIC_NO_PIC = NO;
				GCC_NO_COMMON_BLOCKS = YES;
				GCC_OPTIMIZATION_LEVEL = 0;
				GCC_PREPROCESSOR_DEFINITIONS = (
					"DEBUG=1",
					"$(inherited)",
				);
				GCC_WARN_64_TO_32_BIT_CONVERSION = YES;
				GCC_WARN_ABOUT_RETURN_TYPE = YES_ERROR;
				GCC_WARN_UNDECLARED_SELECTOR = YES;
				GCC_WARN_UNINITIALIZED_AUTOS = YES_AGGRESSIVE;
				GCC_WARN_UNUSED_FUNCTION = YES;
				GCC_WARN_UNUSED_VARIABLE = YES;
				IPHONEOS_DEPLOYMENT_TARGET = 10.2;
				MTL_ENABLE_DEBUG_INFO = YES;
				ONLY_ACTIVE_ARCH = YES;
				SDKROOT = iphoneos;
			};
			name = Debug;
		};
		9EBF20411E0D12A500C5A0B3 /* Release */ = {
			isa = XCBuildConfiguration;
			buildSettings = {
				ALWAYS_SEARCH_USER_PATHS = NO;
				CLANG_ANALYZER_NONNULL = YES;
				CLANG_CXX_LANGUAGE_STANDARD = "gnu++0x";
				CLANG_CXX_LIBRARY = "libc++";
				CLANG_ENABLE_MODULES = YES;
				CLANG_ENABLE_OBJC_ARC = YES;
				CLANG_WARN_BOOL_CONVERSION = YES;
				CLANG_WARN_CONSTANT_CONVERSION = YES;
				CLANG_WARN_DIRECT_OBJC_ISA_USAGE = YES_ERROR;
				CLANG_WARN_DOCUMENTATION_COMMENTS = YES;
				CLANG_WARN_EMPTY_BODY = YES;
				CLANG_WARN_ENUM_CONVERSION = YES;
				CLANG_WARN_INFINITE_RECURSION = YES;
				CLANG_WARN_INT_CONVERSION = YES;
				CLANG_WARN_OBJC_ROOT_CLASS = YES_ERROR;
				CLANG_WARN_SUSPICIOUS_MOVE = YES;
				CLANG_WARN_UNREACHABLE_CODE = YES;
				CLANG_WARN__DUPLICATE_METHOD_MATCH = YES;
				"CODE_SIGN_IDENTITY[sdk=iphoneos*]" = "iPhone Developer";
				COPY_PHASE_STRIP = NO;
				DEBUG_INFORMATION_FORMAT = "dwarf-with-dsym";
				ENABLE_NS_ASSERTIONS = NO;
				ENABLE_STRICT_OBJC_MSGSEND = YES;
				GCC_C_LANGUAGE_STANDARD = gnu99;
				GCC_NO_COMMON_BLOCKS = YES;
				GCC_WARN_64_TO_32_BIT_CONVERSION = YES;
				GCC_WARN_ABOUT_RETURN_TYPE = YES_ERROR;
				GCC_WARN_UNDECLARED_SELECTOR = YES;
				GCC_WARN_UNINITIALIZED_AUTOS = YES_AGGRESSIVE;
				GCC_WARN_UNUSED_FUNCTION = YES;
				GCC_WARN_UNUSED_VARIABLE = YES;
				IPHONEOS_DEPLOYMENT_TARGET = 10.2;
				MTL_ENABLE_DEBUG_INFO = NO;
				SDKROOT = iphoneos;
				VALIDATE_PRODUCT = YES;
			};
			name = Release;
		};
		9EBF20431E0D12A500C5A0B3 /* Debug */ = {
			isa = XCBuildConfiguration;
			baseConfigurationReference = E5697A194E99D4E2CA263DC5 /* Pods.debug.xcconfig */;
			buildSettings = {
				ASSETCATALOG_COMPILER_APPICON_NAME = AppIcon;
				DEVELOPMENT_TEAM = BKME25WU4F;
				GCC_PREFIX_HEADER = /Users/yuekekui/GitHub/SuperPoweredAudioMusicPlay/SuperPoweredAudioMusicPlay/TotalHeaderFile/TotalHeaderFile.pch;
				INFOPLIST_FILE = SuperPoweredAudioMusicPlay/Info.plist;
				IPHONEOS_DEPLOYMENT_TARGET = 8.0;
				LD_RUNPATH_SEARCH_PATHS = "$(inherited) @executable_path/Frameworks";
				LIBRARY_SEARCH_PATHS = (
					"$(inherited)",
					"$(PROJECT_DIR)/SuperPoweredAudioMusicPlay/C++PlayerLib",
				);
				PRODUCT_BUNDLE_IDENTIFIER = QQ738816656.SuperPoweredAudioMusicPlay;
				PRODUCT_NAME = "$(TARGET_NAME)";
			};
			name = Debug;
		};
		9EBF20441E0D12A500C5A0B3 /* Release */ = {
			isa = XCBuildConfiguration;
			baseConfigurationReference = F9D11DA6036558DD962296B3 /* Pods.release.xcconfig */;
			buildSettings = {
				ASSETCATALOG_COMPILER_APPICON_NAME = AppIcon;
				DEVELOPMENT_TEAM = BKME25WU4F;
				GCC_PREFIX_HEADER = /Users/yuekekui/GitHub/SuperPoweredAudioMusicPlay/SuperPoweredAudioMusicPlay/TotalHeaderFile/TotalHeaderFile.pch;
				INFOPLIST_FILE = SuperPoweredAudioMusicPlay/Info.plist;
				IPHONEOS_DEPLOYMENT_TARGET = 8.0;
				LD_RUNPATH_SEARCH_PATHS = "$(inherited) @executable_path/Frameworks";
				LIBRARY_SEARCH_PATHS = (
					"$(inherited)",
					"$(PROJECT_DIR)/SuperPoweredAudioMusicPlay/C++PlayerLib",
				);
				PRODUCT_BUNDLE_IDENTIFIER = QQ738816656.SuperPoweredAudioMusicPlay;
				PRODUCT_NAME = "$(TARGET_NAME)";
			};
			name = Release;
		};
		9EBF20461E0D12A500C5A0B3 /* Debug */ = {
			isa = XCBuildConfiguration;
			buildSettings = {
				BUNDLE_LOADER = "$(TEST_HOST)";
				DEVELOPMENT_TEAM = BKME25WU4F;
				INFOPLIST_FILE = SuperPoweredAudioMusicPlayTests/Info.plist;
				LD_RUNPATH_SEARCH_PATHS = "$(inherited) @executable_path/Frameworks @loader_path/Frameworks";
				PRODUCT_BUNDLE_IDENTIFIER = QQ738816656.SuperPoweredAudioMusicPlayTests;
				PRODUCT_NAME = "$(TARGET_NAME)";
				TEST_HOST = "$(BUILT_PRODUCTS_DIR)/SuperPoweredAudioMusicPlay.app/SuperPoweredAudioMusicPlay";
			};
			name = Debug;
		};
		9EBF20471E0D12A500C5A0B3 /* Release */ = {
			isa = XCBuildConfiguration;
			buildSettings = {
				BUNDLE_LOADER = "$(TEST_HOST)";
				DEVELOPMENT_TEAM = BKME25WU4F;
				INFOPLIST_FILE = SuperPoweredAudioMusicPlayTests/Info.plist;
				LD_RUNPATH_SEARCH_PATHS = "$(inherited) @executable_path/Frameworks @loader_path/Frameworks";
				PRODUCT_BUNDLE_IDENTIFIER = QQ738816656.SuperPoweredAudioMusicPlayTests;
				PRODUCT_NAME = "$(TARGET_NAME)";
				TEST_HOST = "$(BUILT_PRODUCTS_DIR)/SuperPoweredAudioMusicPlay.app/SuperPoweredAudioMusicPlay";
			};
			name = Release;
		};
		9EBF20491E0D12A500C5A0B3 /* Debug */ = {
			isa = XCBuildConfiguration;
			buildSettings = {
				DEVELOPMENT_TEAM = BKME25WU4F;
				INFOPLIST_FILE = SuperPoweredAudioMusicPlayUITests/Info.plist;
				LD_RUNPATH_SEARCH_PATHS = "$(inherited) @executable_path/Frameworks @loader_path/Frameworks";
				PRODUCT_BUNDLE_IDENTIFIER = QQ738816656.SuperPoweredAudioMusicPlayUITests;
				PRODUCT_NAME = "$(TARGET_NAME)";
				TEST_TARGET_NAME = SuperPoweredAudioMusicPlay;
			};
			name = Debug;
		};
		9EBF204A1E0D12A500C5A0B3 /* Release */ = {
			isa = XCBuildConfiguration;
			buildSettings = {
				DEVELOPMENT_TEAM = BKME25WU4F;
				INFOPLIST_FILE = SuperPoweredAudioMusicPlayUITests/Info.plist;
				LD_RUNPATH_SEARCH_PATHS = "$(inherited) @executable_path/Frameworks @loader_path/Frameworks";
				PRODUCT_BUNDLE_IDENTIFIER = QQ738816656.SuperPoweredAudioMusicPlayUITests;
				PRODUCT_NAME = "$(TARGET_NAME)";
				TEST_TARGET_NAME = SuperPoweredAudioMusicPlay;
			};
			name = Release;
		};
/* End XCBuildConfiguration section */

/* Begin XCConfigurationList section */
		9EBF20101E0D12A500C5A0B3 /* Build configuration list for PBXProject "SuperPoweredAudioMusicPlay" */ = {
			isa = XCConfigurationList;
			buildConfigurations = (
				9EBF20401E0D12A500C5A0B3 /* Debug */,
				9EBF20411E0D12A500C5A0B3 /* Release */,
			);
			defaultConfigurationIsVisible = 0;
			defaultConfigurationName = Release;
		};
		9EBF20421E0D12A500C5A0B3 /* Build configuration list for PBXNativeTarget "SuperPoweredAudioMusicPlay" */ = {
			isa = XCConfigurationList;
			buildConfigurations = (
				9EBF20431E0D12A500C5A0B3 /* Debug */,
				9EBF20441E0D12A500C5A0B3 /* Release */,
			);
			defaultConfigurationIsVisible = 0;
			defaultConfigurationName = Release;
		};
		9EBF20451E0D12A500C5A0B3 /* Build configuration list for PBXNativeTarget "SuperPoweredAudioMusicPlayTests" */ = {
			isa = XCConfigurationList;
			buildConfigurations = (
				9EBF20461E0D12A500C5A0B3 /* Debug */,
				9EBF20471E0D12A500C5A0B3 /* Release */,
			);
			defaultConfigurationIsVisible = 0;
			defaultConfigurationName = Release;
		};
		9EBF20481E0D12A500C5A0B3 /* Build configuration list for PBXNativeTarget "SuperPoweredAudioMusicPlayUITests" */ = {
			isa = XCConfigurationList;
			buildConfigurations = (
				9EBF20491E0D12A500C5A0B3 /* Debug */,
				9EBF204A1E0D12A500C5A0B3 /* Release */,
			);
			defaultConfigurationIsVisible = 0;
			defaultConfigurationName = Release;
		};
/* End XCConfigurationList section */
	};
	rootObject = 9EBF200D1E0D12A500C5A0B3 /* Project object */;
}
